
Microsoft Visual Studio Solution File, Format Version 12.00
# Visual Studio 15
VisualStudioVersion = 15.0.27703.2035
MinimumVisualStudioVersion = 10.0.40219.1
Project("{8BC9CEB8-8B4A-11D0-8D11-00A0C91BC942}") = "ConnectionAndAuthExample", "ConnectionAndAuthExample.vcxproj", "{A9348DDD-E8FB-4EE5-B927-9109EBF5A410}"
EndProject
Project("{8BC9CEB8-8B4A-11D0-8D11-00A0C91BC942}") = "CorrelationExample", "CorrelationExample.vcxproj", "{A9348DDD-E8FB-4EE5-B927-9109EBF5A463}"
EndProject
Project("{8BC9CEB8-8B4A-11D0-8D11-00A0C91BC942}") = "RefDataExample", "RefDataExample.vcxproj", "{CE1B21A7-37E7-497D-B27D-0C215AF6A5DF}"
EndProject
Project("{8BC9CEB8-8B4A-11D0-8D11-00A0C91BC942}") = "SimpleBlockingRequestExample", "SimpleBlockingRequestExample.vcxproj", "{8EAC3BDF-7475-44FF-B268-A356B02A96B0}"
EndProject
Project("{8BC9CEB8-8B4A-11D0-8D11-00A0C91BC942}") = "SimpleCategorizedFieldSearchExample", "SimpleCategorizedFieldSearchExample.vcxproj", "{74D3A059-EA3B-47DB-A99A-EE37001D9BEE}"
EndProject
Project("{8BC9CEB8-8B4A-11D0-8D11-00A0C91BC942}") = "SimpleFieldInfoExample", "SimpleFieldInfoExample.vcxproj", "{D5767E2C-F93F-455D-A4D4-5D2051EDFCFF}"
EndProject
Project("{8BC9CEB8-8B4A-11D0-8D11-00A0C91BC942}") = "SimpleFieldSearchExample", "SimpleFieldSearchExample.vcxproj", "{F01E52D6-04C4-440B-AF7C-FD6660BC4176}"
EndProject
Project("{8BC9CEB8-8B4A-11D0-8D11-00A0C91BC942}") = "SimpleRefDataExample", "SimpleRefDataExample.vcxproj", "{DCA46896-7EBA-4265-B347-BE72F533B6F7}"
EndProject
Project("{8BC9CEB8-8B4A-11D0-8D11-00A0C91BC942}") = "SimpleRefDataOverrideExample", "SimpleRefDataOverrideExample.vcxproj", "{734E8539-05EC-4F3C-81A5-DAD53A7EE487}"
EndProject
Project("{8BC9CEB8-8B4A-11D0-8D11-00A0C91BC942}") = "SimpleSubscriptionExample", "SimpleSubscriptionExample.vcxproj", "{94C228DC-5B8C-4584-90BA-ED50BDA239C3}"
EndProject
Project("{8BC9CEB8-8B4A-11D0-8D11-00A0C91BC942}") = "SimpleSubscriptionIntervalExample", "SimpleSubscriptionIntervalExample.vcxproj", "{427033F0-95CB-4058-8079-DED883B93300}"
EndProject
Project("{8BC9CEB8-8B4A-11D0-8D11-00A0C91BC942}") = "SubscriptionCorrelationExample", "SubscriptionCorrelationExample.vcxproj", "{C58E5B4F-1A90-44DE-AFC1-C57C415CABB3}"
EndProject
Project("{8BC9CEB8-8B4A-11D0-8D11-00A0C91BC942}") = "SubscriptionWithEventHandlerExample", "SubscriptionWithEventHandlerExample.vcxproj", "{CF76FB97-96DD-48C2-8EC6-E1081D3F5ED1}"
EndProject
Project("{8BC9CEB8-8B4A-11D0-8D11-00A0C91BC942}") = "RefDataTableOverrideExample", "RefDataTableOverrideExample.vcxproj", "{83A3120C-19A9-494E-BD34-7608DDEAB18F}"
EndProject
Project("{8BC9CEB8-8B4A-11D0-8D11-00A0C91BC942}") = "ServerMode_EntitlementsVerificationTokenExample", "ServerMode_EntitlementsVerificationTokenExample.vcxproj", "{3D7155CF-B0E9-41C2-8E00-72264BB66FC3}"
EndProject
Project("{8BC9CEB8-8B4A-11D0-8D11-00A0C91BC942}") = "ServerMode_GetAuthorizationToken", "ServerMode_GetAuthorizationToken.vcxproj", "{E6FFD228-1A22-4C5F-B141-31529AE799B1}"
EndProject
Project("{8BC9CEB8-8B4A-11D0-8D11-00A0C91BC942}") = "BulkRefDataExample", "BulkRefDataExample.vcxproj", "{A0B6A459-FBAB-4A14-8421-D324451CBFD8}"
EndProject
Project("{8BC9CEB8-8B4A-11D0-8D11-00A0C91BC942}") = "MSGScrapeSubscriptionExample", "MSGScrapeSubscriptionExample.vcxproj", "{73607F94-440E-497D-9ED0-C5EEE0B4D8E9}"
EndProject
Project("{8BC9CEB8-8B4A-11D0-8D11-00A0C91BC942}") = "HistoryExample", "HistoryExample.vcxproj", "{B3AC7B82-C5BF-4F02-B017-44FB3E43E76B}"
EndProject
Project("{8BC9CEB8-8B4A-11D0-8D11-00A0C91BC942}") = "IntradayBarExample", "IntradayBarExample.vcxproj", "{72E41A4A-F8BE-4854-A5D4-8C93DD642BAB}"
EndProject
Project("{8BC9CEB8-8B4A-11D0-8D11-00A0C91BC942}") = "IntradayTickExample", "IntradayTickExample.vcxproj", "{040B0596-F91E-4F1B-BC10-0C074ED70F35}"
EndProject
Project("{8BC9CEB8-8B4A-11D0-8D11-00A0C91BC942}") = "PageDataExample", "PageDataExample.vcxproj", "{EC307704-46D2-4712-A019-CEA045E2A087}"
EndProject
Project("{8BC9CEB8-8B4A-11D0-8D11-00A0C91BC942}") = "LocalMktdataSubscriptionExample", "LocalMktdataSubscriptionExample.vcxproj", "{A9348DDD-E8FB-4EE5-B927-9109EBF5A425}"
EndProject
Project("{8BC9CEB8-8B4A-11D0-8D11-00A0C91BC942}") = "MarketDepthSubscriptionSnapshotExample", "MarketDepthSubscriptionSnapshotExample.vcxproj", "{8A343956-1834-4435-B0C0-AC36FD64E0E2}"
EndProject
Project("{8BC9CEB8-8B4A-11D0-8D11-00A0C91BC942}") = "MarketListSnapshotExample", "MarketListSnapshotExample.vcxproj", "{016C819D-3133-4C11-BE68-C335F84CF511}"
EndProject
Project("{8BC9CEB8-8B4A-11D0-8D11-00A0C91BC942}") = "MarketListSubscriptionExample", "MarketListSubscriptionExample.vcxproj", "{87A54378-CC36-4B82-A328-4BAB25BD767B}"
EndProject
Project("{8BC9CEB8-8B4A-11D0-8D11-00A0C91BC942}") = "SnapshotRequestTemplateExample", "SnapshotRequestTemplateExample.vcxproj", "{C18E33BC-DC25-489B-BAB5-BE593A10F391}"
EndProject
Project("{8BC9CEB8-8B4A-11D0-8D11-00A0C91BC942}") = "SourceRefSubscriptionExample", "SourceRefSubscriptionExample.vcxproj", "{C18E33BC-DC25-489B-BAB5-BE593A10F393}"
EndProject
Project("{8BC9CEB8-8B4A-11D0-8D11-00A0C91BC942}") = "SecurityLookupExample", "SecurityLookupExample.vcxproj", "{51124602-520A-4982-90F7-8CFDBCC8D75E}"
EndProject
Project("{8BC9CEB8-8B4A-11D0-8D11-00A0C91BC942}") = "MktBarSubscriptionWithEvents", "MktBarSubscriptionWithEvents.vcxproj", "{32C8E774-7604-4EC2-8D6D-83E2A5BF59C8}"
EndProject
Project("{8BC9CEB8-8B4A-11D0-8D11-00A0C91BC942}") = "MSG1RecoveryExample", "MSG1RecoveryExample.vcxproj", "{959932E3-BB48-4F3B-AC25-CACEF8FAF413}"
EndProject
Project("{8BC9CEB8-8B4A-11D0-8D11-00A0C91BC942}") = "ZfpOverLeasedLinesSessionExample", "ZfpOverLeasedLinesSessionExample.vcxproj", "{98541F0E-4DF9-4046-915B-AFA0903C5B41}"
EndProject
Project("{8BC9CEB8-8B4A-11D0-8D11-00A0C91BC942}") = "ServerMode_EntitlementsVerificationSubscriptionTokenExample", "ServerMode_EntitlementsVerificationSubscriptionTokenExample.vcxproj", "{B6FA7229-747D-4C33-BCAF-051E1E73215F}"
EndProject
Global
	GlobalSection(SolutionConfigurationPlatforms) = preSolution
		Debug|Any CPU = Debug|Any CPU
		Debug|Mixed Platforms = Debug|Mixed Platforms
		Debug|Win32 = Debug|Win32
		Debug|x64 = Debug|x64
		Release|Any CPU = Release|Any CPU
		Release|Mixed Platforms = Release|Mixed Platforms
		Release|Win32 = Release|Win32
		Release|x64 = Release|x64
	EndGlobalSection
	GlobalSection(ProjectConfigurationPlatforms) = postSolution
		{A9348DDD-E8FB-4EE5-B927-9109EBF5A410}.Debug|Any CPU.ActiveCfg = Debug|Win32
		{A9348DDD-E8FB-4EE5-B927-9109EBF5A410}.Debug|Mixed Platforms.ActiveCfg = Debug|Win32
		{A9348DDD-E8FB-4EE5-B927-9109EBF5A410}.Debug|Mixed Platforms.Build.0 = Debug|Win32
		{A9348DDD-E8FB-4EE5-B927-9109EBF5A410}.Debug|Win32.ActiveCfg = Debug|Win32
		{A9348DDD-E8FB-4EE5-B927-9109EBF5A410}.Debug|Win32.Build.0 = Debug|Win32
		{A9348DDD-E8FB-4EE5-B927-9109EBF5A410}.Debug|x64.ActiveCfg = Debug|Win32
		{A9348DDD-E8FB-4EE5-B927-9109EBF5A410}.Release|Any CPU.ActiveCfg = Release|Win32
		{A9348DDD-E8FB-4EE5-B927-9109EBF5A410}.Release|Mixed Platforms.ActiveCfg = Release|Win32
		{A9348DDD-E8FB-4EE5-B927-9109EBF5A410}.Release|Mixed Platforms.Build.0 = Release|Win32
		{A9348DDD-E8FB-4EE5-B927-9109EBF5A410}.Release|Win32.ActiveCfg = Release|Win32
		{A9348DDD-E8FB-4EE5-B927-9109EBF5A410}.Release|Win32.Build.0 = Release|Win32
		{A9348DDD-E8FB-4EE5-B927-9109EBF5A410}.Release|x64.ActiveCfg = Release|Win32
		{A9348DDD-E8FB-4EE5-B927-9109EBF5A463}.Debug|Any CPU.ActiveCfg = Debug|Win32
		{A9348DDD-E8FB-4EE5-B927-9109EBF5A463}.Debug|Mixed Platforms.ActiveCfg = Debug|Win32
		{A9348DDD-E8FB-4EE5-B927-9109EBF5A463}.Debug|Mixed Platforms.Build.0 = Debug|Win32
		{A9348DDD-E8FB-4EE5-B927-9109EBF5A463}.Debug|Win32.ActiveCfg = Debug|Win32
		{A9348DDD-E8FB-4EE5-B927-9109EBF5A463}.Debug|Win32.Build.0 = Debug|Win32
		{A9348DDD-E8FB-4EE5-B927-9109EBF5A463}.Debug|x64.ActiveCfg = Debug|Win32
		{A9348DDD-E8FB-4EE5-B927-9109EBF5A463}.Release|Any CPU.ActiveCfg = Release|Win32
		{A9348DDD-E8FB-4EE5-B927-9109EBF5A463}.Release|Mixed Platforms.ActiveCfg = Release|Win32
		{A9348DDD-E8FB-4EE5-B927-9109EBF5A463}.Release|Mixed Platforms.Build.0 = Release|Win32
		{A9348DDD-E8FB-4EE5-B927-9109EBF5A463}.Release|Win32.ActiveCfg = Release|Win32
		{A9348DDD-E8FB-4EE5-B927-9109EBF5A463}.Release|Win32.Build.0 = Release|Win32
		{A9348DDD-E8FB-4EE5-B927-9109EBF5A463}.Release|x64.ActiveCfg = Release|Win32
		{CE1B21A7-37E7-497D-B27D-0C215AF6A5DF}.Debug|Any CPU.ActiveCfg = Debug|Win32
		{CE1B21A7-37E7-497D-B27D-0C215AF6A5DF}.Debug|Mixed Platforms.ActiveCfg = Debug|Win32
		{CE1B21A7-37E7-497D-B27D-0C215AF6A5DF}.Debug|Mixed Platforms.Build.0 = Debug|Win32
		{CE1B21A7-37E7-497D-B27D-0C215AF6A5DF}.Debug|Win32.ActiveCfg = Debug|Win32
		{CE1B21A7-37E7-497D-B27D-0C215AF6A5DF}.Debug|Win32.Build.0 = Debug|Win32
		{CE1B21A7-37E7-497D-B27D-0C215AF6A5DF}.Debug|x64.ActiveCfg = Debug|Win32
		{CE1B21A7-37E7-497D-B27D-0C215AF6A5DF}.Release|Any CPU.ActiveCfg = Release|Win32
		{CE1B21A7-37E7-497D-B27D-0C215AF6A5DF}.Release|Mixed Platforms.ActiveCfg = Release|Win32
		{CE1B21A7-37E7-497D-B27D-0C215AF6A5DF}.Release|Mixed Platforms.Build.0 = Release|Win32
		{CE1B21A7-37E7-497D-B27D-0C215AF6A5DF}.Release|Win32.ActiveCfg = Release|Win32
		{CE1B21A7-37E7-497D-B27D-0C215AF6A5DF}.Release|Win32.Build.0 = Release|Win32
		{CE1B21A7-37E7-497D-B27D-0C215AF6A5DF}.Release|x64.ActiveCfg = Release|Win32
		{8EAC3BDF-7475-44FF-B268-A356B02A96B0}.Debug|Any CPU.ActiveCfg = Debug|Win32
		{8EAC3BDF-7475-44FF-B268-A356B02A96B0}.Debug|Mixed Platforms.ActiveCfg = Debug|Win32
		{8EAC3BDF-7475-44FF-B268-A356B02A96B0}.Debug|Mixed Platforms.Build.0 = Debug|Win32
		{8EAC3BDF-7475-44FF-B268-A356B02A96B0}.Debug|Win32.ActiveCfg = Debug|Win32
		{8EAC3BDF-7475-44FF-B268-A356B02A96B0}.Debug|Win32.Build.0 = Debug|Win32
		{8EAC3BDF-7475-44FF-B268-A356B02A96B0}.Debug|x64.ActiveCfg = Debug|Win32
		{8EAC3BDF-7475-44FF-B268-A356B02A96B0}.Release|Any CPU.ActiveCfg = Release|Win32
		{8EAC3BDF-7475-44FF-B268-A356B02A96B0}.Release|Mixed Platforms.ActiveCfg = Release|Win32
		{8EAC3BDF-7475-44FF-B268-A356B02A96B0}.Release|Mixed Platforms.Build.0 = Release|Win32
		{8EAC3BDF-7475-44FF-B268-A356B02A96B0}.Release|Win32.ActiveCfg = Release|Win32
		{8EAC3BDF-7475-44FF-B268-A356B02A96B0}.Release|Win32.Build.0 = Release|Win32
		{8EAC3BDF-7475-44FF-B268-A356B02A96B0}.Release|x64.ActiveCfg = Release|Win32
		{74D3A059-EA3B-47DB-A99A-EE37001D9BEE}.Debug|Any CPU.ActiveCfg = Debug|Win32
		{74D3A059-EA3B-47DB-A99A-EE37001D9BEE}.Debug|Mixed Platforms.ActiveCfg = Debug|Win32
		{74D3A059-EA3B-47DB-A99A-EE37001D9BEE}.Debug|Mixed Platforms.Build.0 = Debug|Win32
		{74D3A059-EA3B-47DB-A99A-EE37001D9BEE}.Debug|Win32.ActiveCfg = Debug|Win32
		{74D3A059-EA3B-47DB-A99A-EE37001D9BEE}.Debug|Win32.Build.0 = Debug|Win32
		{74D3A059-EA3B-47DB-A99A-EE37001D9BEE}.Debug|x64.ActiveCfg = Debug|Win32
		{74D3A059-EA3B-47DB-A99A-EE37001D9BEE}.Release|Any CPU.ActiveCfg = Release|Win32
		{74D3A059-EA3B-47DB-A99A-EE37001D9BEE}.Release|Mixed Platforms.ActiveCfg = Release|Win32
		{74D3A059-EA3B-47DB-A99A-EE37001D9BEE}.Release|Mixed Platforms.Build.0 = Release|Win32
		{74D3A059-EA3B-47DB-A99A-EE37001D9BEE}.Release|Win32.ActiveCfg = Release|Win32
		{74D3A059-EA3B-47DB-A99A-EE37001D9BEE}.Release|Win32.Build.0 = Release|Win32
		{74D3A059-EA3B-47DB-A99A-EE37001D9BEE}.Release|x64.ActiveCfg = Release|Win32
		{D5767E2C-F93F-455D-A4D4-5D2051EDFCFF}.Debug|Any CPU.ActiveCfg = Debug|Win32
		{D5767E2C-F93F-455D-A4D4-5D2051EDFCFF}.Debug|Mixed Platforms.ActiveCfg = Debug|Win32
		{D5767E2C-F93F-455D-A4D4-5D2051EDFCFF}.Debug|Mixed Platforms.Build.0 = Debug|Win32
		{D5767E2C-F93F-455D-A4D4-5D2051EDFCFF}.Debug|Win32.ActiveCfg = Debug|Win32
		{D5767E2C-F93F-455D-A4D4-5D2051EDFCFF}.Debug|Win32.Build.0 = Debug|Win32
		{D5767E2C-F93F-455D-A4D4-5D2051EDFCFF}.Debug|x64.ActiveCfg = Debug|Win32
		{D5767E2C-F93F-455D-A4D4-5D2051EDFCFF}.Release|Any CPU.ActiveCfg = Release|Win32
		{D5767E2C-F93F-455D-A4D4-5D2051EDFCFF}.Release|Mixed Platforms.ActiveCfg = Release|Win32
		{D5767E2C-F93F-455D-A4D4-5D2051EDFCFF}.Release|Mixed Platforms.Build.0 = Release|Win32
		{D5767E2C-F93F-455D-A4D4-5D2051EDFCFF}.Release|Win32.ActiveCfg = Release|Win32
		{D5767E2C-F93F-455D-A4D4-5D2051EDFCFF}.Release|Win32.Build.0 = Release|Win32
		{D5767E2C-F93F-455D-A4D4-5D2051EDFCFF}.Release|x64.ActiveCfg = Release|Win32
		{F01E52D6-04C4-440B-AF7C-FD6660BC4176}.Debug|Any CPU.ActiveCfg = Debug|Win32
		{F01E52D6-04C4-440B-AF7C-FD6660BC4176}.Debug|Mixed Platforms.ActiveCfg = Debug|Win32
		{F01E52D6-04C4-440B-AF7C-FD6660BC4176}.Debug|Mixed Platforms.Build.0 = Debug|Win32
		{F01E52D6-04C4-440B-AF7C-FD6660BC4176}.Debug|Win32.ActiveCfg = Debug|Win32
		{F01E52D6-04C4-440B-AF7C-FD6660BC4176}.Debug|Win32.Build.0 = Debug|Win32
		{F01E52D6-04C4-440B-AF7C-FD6660BC4176}.Debug|x64.ActiveCfg = Debug|Win32
		{F01E52D6-04C4-440B-AF7C-FD6660BC4176}.Release|Any CPU.ActiveCfg = Release|Win32
		{F01E52D6-04C4-440B-AF7C-FD6660BC4176}.Release|Mixed Platforms.ActiveCfg = Release|Win32
		{F01E52D6-04C4-440B-AF7C-FD6660BC4176}.Release|Mixed Platforms.Build.0 = Release|Win32
		{F01E52D6-04C4-440B-AF7C-FD6660BC4176}.Release|Win32.ActiveCfg = Release|Win32
		{F01E52D6-04C4-440B-AF7C-FD6660BC4176}.Release|Win32.Build.0 = Release|Win32
		{F01E52D6-04C4-440B-AF7C-FD6660BC4176}.Release|x64.ActiveCfg = Release|Win32
		{DCA46896-7EBA-4265-B347-BE72F533B6F7}.Debug|Any CPU.ActiveCfg = Debug|Win32
		{DCA46896-7EBA-4265-B347-BE72F533B6F7}.Debug|Mixed Platforms.ActiveCfg = Debug|Win32
		{DCA46896-7EBA-4265-B347-BE72F533B6F7}.Debug|Mixed Platforms.Build.0 = Debug|Win32
		{DCA46896-7EBA-4265-B347-BE72F533B6F7}.Debug|Win32.ActiveCfg = Debug|Win32
		{DCA46896-7EBA-4265-B347-BE72F533B6F7}.Debug|Win32.Build.0 = Debug|Win32
		{DCA46896-7EBA-4265-B347-BE72F533B6F7}.Debug|x64.ActiveCfg = Debug|Win32
		{DCA46896-7EBA-4265-B347-BE72F533B6F7}.Release|Any CPU.ActiveCfg = Release|Win32
		{DCA46896-7EBA-4265-B347-BE72F533B6F7}.Release|Mixed Platforms.ActiveCfg = Release|Win32
		{DCA46896-7EBA-4265-B347-BE72F533B6F7}.Release|Mixed Platforms.Build.0 = Release|Win32
		{DCA46896-7EBA-4265-B347-BE72F533B6F7}.Release|Win32.ActiveCfg = Release|Win32
		{DCA46896-7EBA-4265-B347-BE72F533B6F7}.Release|Win32.Build.0 = Release|Win32
		{DCA46896-7EBA-4265-B347-BE72F533B6F7}.Release|x64.ActiveCfg = Release|Win32
		{734E8539-05EC-4F3C-81A5-DAD53A7EE487}.Debug|Any CPU.ActiveCfg = Debug|Win32
		{734E8539-05EC-4F3C-81A5-DAD53A7EE487}.Debug|Mixed Platforms.ActiveCfg = Debug|Win32
		{734E8539-05EC-4F3C-81A5-DAD53A7EE487}.Debug|Mixed Platforms.Build.0 = Debug|Win32
		{734E8539-05EC-4F3C-81A5-DAD53A7EE487}.Debug|Win32.ActiveCfg = Debug|Win32
		{734E8539-05EC-4F3C-81A5-DAD53A7EE487}.Debug|Win32.Build.0 = Debug|Win32
		{734E8539-05EC-4F3C-81A5-DAD53A7EE487}.Debug|x64.ActiveCfg = Debug|Win32
		{734E8539-05EC-4F3C-81A5-DAD53A7EE487}.Release|Any CPU.ActiveCfg = Release|Win32
		{734E8539-05EC-4F3C-81A5-DAD53A7EE487}.Release|Mixed Platforms.ActiveCfg = Release|Win32
		{734E8539-05EC-4F3C-81A5-DAD53A7EE487}.Release|Mixed Platforms.Build.0 = Release|Win32
		{734E8539-05EC-4F3C-81A5-DAD53A7EE487}.Release|Win32.ActiveCfg = Release|Win32
		{734E8539-05EC-4F3C-81A5-DAD53A7EE487}.Release|Win32.Build.0 = Release|Win32
		{734E8539-05EC-4F3C-81A5-DAD53A7EE487}.Release|x64.ActiveCfg = Release|Win32
		{94C228DC-5B8C-4584-90BA-ED50BDA239C3}.Debug|Any CPU.ActiveCfg = Debug|Win32
		{94C228DC-5B8C-4584-90BA-ED50BDA239C3}.Debug|Mixed Platforms.ActiveCfg = Debug|Win32
		{94C228DC-5B8C-4584-90BA-ED50BDA239C3}.Debug|Mixed Platforms.Build.0 = Debug|Win32
		{94C228DC-5B8C-4584-90BA-ED50BDA239C3}.Debug|Win32.ActiveCfg = Debug|Win32
		{94C228DC-5B8C-4584-90BA-ED50BDA239C3}.Debug|Win32.Build.0 = Debug|Win32
		{94C228DC-5B8C-4584-90BA-ED50BDA239C3}.Debug|x64.ActiveCfg = Debug|Win32
		{94C228DC-5B8C-4584-90BA-ED50BDA239C3}.Release|Any CPU.ActiveCfg = Release|Win32
		{94C228DC-5B8C-4584-90BA-ED50BDA239C3}.Release|Mixed Platforms.ActiveCfg = Release|Win32
		{94C228DC-5B8C-4584-90BA-ED50BDA239C3}.Release|Mixed Platforms.Build.0 = Release|Win32
		{94C228DC-5B8C-4584-90BA-ED50BDA239C3}.Release|Win32.ActiveCfg = Release|Win32
		{94C228DC-5B8C-4584-90BA-ED50BDA239C3}.Release|Win32.Build.0 = Release|Win32
		{94C228DC-5B8C-4584-90BA-ED50BDA239C3}.Release|x64.ActiveCfg = Release|Win32
		{427033F0-95CB-4058-8079-DED883B93300}.Debug|Any CPU.ActiveCfg = Debug|Win32
		{427033F0-95CB-4058-8079-DED883B93300}.Debug|Mixed Platforms.ActiveCfg = Debug|Win32
		{427033F0-95CB-4058-8079-DED883B93300}.Debug|Mixed Platforms.Build.0 = Debug|Win32
		{427033F0-95CB-4058-8079-DED883B93300}.Debug|Win32.ActiveCfg = Debug|Win32
		{427033F0-95CB-4058-8079-DED883B93300}.Debug|Win32.Build.0 = Debug|Win32
		{427033F0-95CB-4058-8079-DED883B93300}.Debug|x64.ActiveCfg = Debug|Win32
		{427033F0-95CB-4058-8079-DED883B93300}.Release|Any CPU.ActiveCfg = Release|Win32
		{427033F0-95CB-4058-8079-DED883B93300}.Release|Mixed Platforms.ActiveCfg = Release|Win32
		{427033F0-95CB-4058-8079-DED883B93300}.Release|Mixed Platforms.Build.0 = Release|Win32
		{427033F0-95CB-4058-8079-DED883B93300}.Release|Win32.ActiveCfg = Release|Win32
		{427033F0-95CB-4058-8079-DED883B93300}.Release|Win32.Build.0 = Release|Win32
		{427033F0-95CB-4058-8079-DED883B93300}.Release|x64.ActiveCfg = Release|Win32
		{C58E5B4F-1A90-44DE-AFC1-C57C415CABB3}.Debug|Any CPU.ActiveCfg = Debug|Win32
		{C58E5B4F-1A90-44DE-AFC1-C57C415CABB3}.Debug|Mixed Platforms.ActiveCfg = Debug|Win32
		{C58E5B4F-1A90-44DE-AFC1-C57C415CABB3}.Debug|Mixed Platforms.Build.0 = Debug|Win32
		{C58E5B4F-1A90-44DE-AFC1-C57C415CABB3}.Debug|Win32.ActiveCfg = Debug|Win32
		{C58E5B4F-1A90-44DE-AFC1-C57C415CABB3}.Debug|Win32.Build.0 = Debug|Win32
		{C58E5B4F-1A90-44DE-AFC1-C57C415CABB3}.Debug|x64.ActiveCfg = Debug|Win32
		{C58E5B4F-1A90-44DE-AFC1-C57C415CABB3}.Release|Any CPU.ActiveCfg = Release|Win32
		{C58E5B4F-1A90-44DE-AFC1-C57C415CABB3}.Release|Mixed Platforms.ActiveCfg = Release|Win32
		{C58E5B4F-1A90-44DE-AFC1-C57C415CABB3}.Release|Mixed Platforms.Build.0 = Release|Win32
		{C58E5B4F-1A90-44DE-AFC1-C57C415CABB3}.Release|Win32.ActiveCfg = Release|Win32
		{C58E5B4F-1A90-44DE-AFC1-C57C415CABB3}.Release|Win32.Build.0 = Release|Win32
		{C58E5B4F-1A90-44DE-AFC1-C57C415CABB3}.Release|x64.ActiveCfg = Release|Win32
		{CF76FB97-96DD-48C2-8EC6-E1081D3F5ED1}.Debug|Any CPU.ActiveCfg = Debug|Win32
		{CF76FB97-96DD-48C2-8EC6-E1081D3F5ED1}.Debug|Mixed Platforms.ActiveCfg = Debug|Win32
		{CF76FB97-96DD-48C2-8EC6-E1081D3F5ED1}.Debug|Mixed Platforms.Build.0 = Debug|Win32
		{CF76FB97-96DD-48C2-8EC6-E1081D3F5ED1}.Debug|Win32.ActiveCfg = Debug|Win32
		{CF76FB97-96DD-48C2-8EC6-E1081D3F5ED1}.Debug|Win32.Build.0 = Debug|Win32
		{CF76FB97-96DD-48C2-8EC6-E1081D3F5ED1}.Debug|x64.ActiveCfg = Debug|Win32
		{CF76FB97-96DD-48C2-8EC6-E1081D3F5ED1}.Release|Any CPU.ActiveCfg = Release|Win32
		{CF76FB97-96DD-48C2-8EC6-E1081D3F5ED1}.Release|Mixed Platforms.ActiveCfg = Release|Win32
		{CF76FB97-96DD-48C2-8EC6-E1081D3F5ED1}.Release|Mixed Platforms.Build.0 = Release|Win32
		{CF76FB97-96DD-48C2-8EC6-E1081D3F5ED1}.Release|Win32.ActiveCfg = Release|Win32
		{CF76FB97-96DD-48C2-8EC6-E1081D3F5ED1}.Release|Win32.Build.0 = Release|Win32
		{CF76FB97-96DD-48C2-8EC6-E1081D3F5ED1}.Release|x64.ActiveCfg = Release|Win32
		{83A3120C-19A9-494E-BD34-7608DDEAB18F}.Debug|Any CPU.ActiveCfg = Debug|Win32
		{83A3120C-19A9-494E-BD34-7608DDEAB18F}.Debug|Mixed Platforms.ActiveCfg = Debug|Win32
		{83A3120C-19A9-494E-BD34-7608DDEAB18F}.Debug|Mixed Platforms.Build.0 = Debug|Win32
		{83A3120C-19A9-494E-BD34-7608DDEAB18F}.Debug|Win32.ActiveCfg = Debug|Win32
		{83A3120C-19A9-494E-BD34-7608DDEAB18F}.Debug|Win32.Build.0 = Debug|Win32
		{83A3120C-19A9-494E-BD34-7608DDEAB18F}.Debug|x64.ActiveCfg = Debug|Win32
		{83A3120C-19A9-494E-BD34-7608DDEAB18F}.Release|Any CPU.ActiveCfg = Release|Win32
		{83A3120C-19A9-494E-BD34-7608DDEAB18F}.Release|Mixed Platforms.ActiveCfg = Release|Win32
		{83A3120C-19A9-494E-BD34-7608DDEAB18F}.Release|Mixed Platforms.Build.0 = Release|Win32
		{83A3120C-19A9-494E-BD34-7608DDEAB18F}.Release|Win32.ActiveCfg = Release|Win32
		{83A3120C-19A9-494E-BD34-7608DDEAB18F}.Release|Win32.Build.0 = Release|Win32
		{83A3120C-19A9-494E-BD34-7608DDEAB18F}.Release|x64.ActiveCfg = Release|Win32
		{3D7155CF-B0E9-41C2-8E00-72264BB66FC3}.Debug|Any CPU.ActiveCfg = Debug|Win32
		{3D7155CF-B0E9-41C2-8E00-72264BB66FC3}.Debug|Mixed Platforms.ActiveCfg = Debug|Win32
		{3D7155CF-B0E9-41C2-8E00-72264BB66FC3}.Debug|Mixed Platforms.Build.0 = Debug|Win32
		{3D7155CF-B0E9-41C2-8E00-72264BB66FC3}.Debug|Win32.ActiveCfg = Debug|Win32
		{3D7155CF-B0E9-41C2-8E00-72264BB66FC3}.Debug|Win32.Build.0 = Debug|Win32
		{3D7155CF-B0E9-41C2-8E00-72264BB66FC3}.Debug|x64.ActiveCfg = Debug|Win32
		{3D7155CF-B0E9-41C2-8E00-72264BB66FC3}.Release|Any CPU.ActiveCfg = Release|Win32
		{3D7155CF-B0E9-41C2-8E00-72264BB66FC3}.Release|Mixed Platforms.ActiveCfg = Release|Win32
		{3D7155CF-B0E9-41C2-8E00-72264BB66FC3}.Release|Mixed Platforms.Build.0 = Release|Win32
		{3D7155CF-B0E9-41C2-8E00-72264BB66FC3}.Release|Win32.ActiveCfg = Release|Win32
		{3D7155CF-B0E9-41C2-8E00-72264BB66FC3}.Release|Win32.Build.0 = Release|Win32
		{3D7155CF-B0E9-41C2-8E00-72264BB66FC3}.Release|x64.ActiveCfg = Release|Win32
		{E6FFD228-1A22-4C5F-B141-31529AE799B1}.Debug|Any CPU.ActiveCfg = Debug|Win32
		{E6FFD228-1A22-4C5F-B141-31529AE799B1}.Debug|Mixed Platforms.ActiveCfg = Debug|Win32
		{E6FFD228-1A22-4C5F-B141-31529AE799B1}.Debug|Mixed Platforms.Build.0 = Debug|Win32
		{E6FFD228-1A22-4C5F-B141-31529AE799B1}.Debug|Win32.ActiveCfg = Debug|Win32
		{E6FFD228-1A22-4C5F-B141-31529AE799B1}.Debug|Win32.Build.0 = Debug|Win32
		{E6FFD228-1A22-4C5F-B141-31529AE799B1}.Debug|x64.ActiveCfg = Debug|Win32
		{E6FFD228-1A22-4C5F-B141-31529AE799B1}.Release|Any CPU.ActiveCfg = Release|Win32
		{E6FFD228-1A22-4C5F-B141-31529AE799B1}.Release|Mixed Platforms.ActiveCfg = Release|Win32
		{E6FFD228-1A22-4C5F-B141-31529AE799B1}.Release|Mixed Platforms.Build.0 = Release|Win32
		{E6FFD228-1A22-4C5F-B141-31529AE799B1}.Release|Win32.ActiveCfg = Release|Win32
		{E6FFD228-1A22-4C5F-B141-31529AE799B1}.Release|Win32.Build.0 = Release|Win32
		{E6FFD228-1A22-4C5F-B141-31529AE799B1}.Release|x64.ActiveCfg = Release|Win32
		{A0B6A459-FBAB-4A14-8421-D324451CBFD8}.Debug|Any CPU.ActiveCfg = Debug|Win32
		{A0B6A459-FBAB-4A14-8421-D324451CBFD8}.Debug|Mixed Platforms.ActiveCfg = Debug|Win32
		{A0B6A459-FBAB-4A14-8421-D324451CBFD8}.Debug|Mixed Platforms.Build.0 = Debug|Win32
		{A0B6A459-FBAB-4A14-8421-D324451CBFD8}.Debug|Win32.ActiveCfg = Debug|Win32
		{A0B6A459-FBAB-4A14-8421-D324451CBFD8}.Debug|Win32.Build.0 = Debug|Win32
		{A0B6A459-FBAB-4A14-8421-D324451CBFD8}.Debug|x64.ActiveCfg = Debug|Win32
		{A0B6A459-FBAB-4A14-8421-D324451CBFD8}.Release|Any CPU.ActiveCfg = Release|Win32
		{A0B6A459-FBAB-4A14-8421-D324451CBFD8}.Release|Mixed Platforms.ActiveCfg = Release|Win32
		{A0B6A459-FBAB-4A14-8421-D324451CBFD8}.Release|Mixed Platforms.Build.0 = Release|Win32
		{A0B6A459-FBAB-4A14-8421-D324451CBFD8}.Release|Win32.ActiveCfg = Release|Win32
		{A0B6A459-FBAB-4A14-8421-D324451CBFD8}.Release|Win32.Build.0 = Release|Win32
		{A0B6A459-FBAB-4A14-8421-D324451CBFD8}.Release|x64.ActiveCfg = Release|Win32
		{73607F94-440E-497D-9ED0-C5EEE0B4D8E9}.Debug|Any CPU.ActiveCfg = Debug|Win32
		{73607F94-440E-497D-9ED0-C5EEE0B4D8E9}.Debug|Mixed Platforms.ActiveCfg = Debug|Win32
		{73607F94-440E-497D-9ED0-C5EEE0B4D8E9}.Debug|Mixed Platforms.Build.0 = Debug|Win32
		{73607F94-440E-497D-9ED0-C5EEE0B4D8E9}.Debug|Win32.ActiveCfg = Debug|Win32
		{73607F94-440E-497D-9ED0-C5EEE0B4D8E9}.Debug|Win32.Build.0 = Debug|Win32
		{73607F94-440E-497D-9ED0-C5EEE0B4D8E9}.Debug|x64.ActiveCfg = Debug|Win32
		{73607F94-440E-497D-9ED0-C5EEE0B4D8E9}.Release|Any CPU.ActiveCfg = Release|Win32
		{73607F94-440E-497D-9ED0-C5EEE0B4D8E9}.Release|Mixed Platforms.ActiveCfg = Release|Win32
		{73607F94-440E-497D-9ED0-C5EEE0B4D8E9}.Release|Mixed Platforms.Build.0 = Release|Win32
		{73607F94-440E-497D-9ED0-C5EEE0B4D8E9}.Release|Win32.ActiveCfg = Release|Win32
		{73607F94-440E-497D-9ED0-C5EEE0B4D8E9}.Release|Win32.Build.0 = Release|Win32
		{73607F94-440E-497D-9ED0-C5EEE0B4D8E9}.Release|x64.ActiveCfg = Release|Win32
		{B3AC7B82-C5BF-4F02-B017-44FB3E43E76B}.Debug|Any CPU.ActiveCfg = Debug|Win32
		{B3AC7B82-C5BF-4F02-B017-44FB3E43E76B}.Debug|Mixed Platforms.ActiveCfg = Debug|Win32
		{B3AC7B82-C5BF-4F02-B017-44FB3E43E76B}.Debug|Mixed Platforms.Build.0 = Debug|Win32
		{B3AC7B82-C5BF-4F02-B017-44FB3E43E76B}.Debug|Win32.ActiveCfg = Debug|Win32
		{B3AC7B82-C5BF-4F02-B017-44FB3E43E76B}.Debug|Win32.Build.0 = Debug|Win32
		{B3AC7B82-C5BF-4F02-B017-44FB3E43E76B}.Debug|x64.ActiveCfg = Debug|Win32
		{B3AC7B82-C5BF-4F02-B017-44FB3E43E76B}.Release|Any CPU.ActiveCfg = Release|Win32
		{B3AC7B82-C5BF-4F02-B017-44FB3E43E76B}.Release|Mixed Platforms.ActiveCfg = Release|Win32
		{B3AC7B82-C5BF-4F02-B017-44FB3E43E76B}.Release|Mixed Platforms.Build.0 = Release|Win32
		{B3AC7B82-C5BF-4F02-B017-44FB3E43E76B}.Release|Win32.ActiveCfg = Release|Win32
		{B3AC7B82-C5BF-4F02-B017-44FB3E43E76B}.Release|Win32.Build.0 = Release|Win32
		{B3AC7B82-C5BF-4F02-B017-44FB3E43E76B}.Release|x64.ActiveCfg = Release|Win32
		{72E41A4A-F8BE-4854-A5D4-8C93DD642BAB}.Debug|Any CPU.ActiveCfg = Debug|Win32
		{72E41A4A-F8BE-4854-A5D4-8C93DD642BAB}.Debug|Mixed Platforms.ActiveCfg = Debug|Win32
		{72E41A4A-F8BE-4854-A5D4-8C93DD642BAB}.Debug|Mixed Platforms.Build.0 = Debug|Win32
		{72E41A4A-F8BE-4854-A5D4-8C93DD642BAB}.Debug|Win32.ActiveCfg = Debug|Win32
		{72E41A4A-F8BE-4854-A5D4-8C93DD642BAB}.Debug|Win32.Build.0 = Debug|Win32
		{72E41A4A-F8BE-4854-A5D4-8C93DD642BAB}.Debug|x64.ActiveCfg = Debug|Win32
		{72E41A4A-F8BE-4854-A5D4-8C93DD642BAB}.Release|Any CPU.ActiveCfg = Release|Win32
		{72E41A4A-F8BE-4854-A5D4-8C93DD642BAB}.Release|Mixed Platforms.ActiveCfg = Release|Win32
		{72E41A4A-F8BE-4854-A5D4-8C93DD642BAB}.Release|Mixed Platforms.Build.0 = Release|Win32
		{72E41A4A-F8BE-4854-A5D4-8C93DD642BAB}.Release|Win32.ActiveCfg = Release|Win32
		{72E41A4A-F8BE-4854-A5D4-8C93DD642BAB}.Release|Win32.Build.0 = Release|Win32
		{72E41A4A-F8BE-4854-A5D4-8C93DD642BAB}.Release|x64.ActiveCfg = Release|Win32
		{040B0596-F91E-4F1B-BC10-0C074ED70F35}.Debug|Any CPU.ActiveCfg = Debug|Win32
		{040B0596-F91E-4F1B-BC10-0C074ED70F35}.Debug|Mixed Platforms.ActiveCfg = Debug|Win32
		{040B0596-F91E-4F1B-BC10-0C074ED70F35}.Debug|Mixed Platforms.Build.0 = Debug|Win32
		{040B0596-F91E-4F1B-BC10-0C074ED70F35}.Debug|Win32.ActiveCfg = Debug|Win32
		{040B0596-F91E-4F1B-BC10-0C074ED70F35}.Debug|Win32.Build.0 = Debug|Win32
		{040B0596-F91E-4F1B-BC10-0C074ED70F35}.Debug|x64.ActiveCfg = Debug|Win32
		{040B0596-F91E-4F1B-BC10-0C074ED70F35}.Release|Any CPU.ActiveCfg = Release|Win32
		{040B0596-F91E-4F1B-BC10-0C074ED70F35}.Release|Mixed Platforms.ActiveCfg = Release|Win32
		{040B0596-F91E-4F1B-BC10-0C074ED70F35}.Release|Mixed Platforms.Build.0 = Release|Win32
		{040B0596-F91E-4F1B-BC10-0C074ED70F35}.Release|Win32.ActiveCfg = Release|Win32
		{040B0596-F91E-4F1B-BC10-0C074ED70F35}.Release|Win32.Build.0 = Release|Win32
		{040B0596-F91E-4F1B-BC10-0C074ED70F35}.Release|x64.ActiveCfg = Release|Win32
		{EC307704-46D2-4712-A019-CEA045E2A087}.Debug|Any CPU.ActiveCfg = Debug|Win32
		{EC307704-46D2-4712-A019-CEA045E2A087}.Debug|Mixed Platforms.ActiveCfg = Debug|Win32
		{EC307704-46D2-4712-A019-CEA045E2A087}.Debug|Mixed Platforms.Build.0 = Debug|Win32
		{EC307704-46D2-4712-A019-CEA045E2A087}.Debug|Win32.ActiveCfg = Debug|Win32
		{EC307704-46D2-4712-A019-CEA045E2A087}.Debug|Win32.Build.0 = Debug|Win32
		{EC307704-46D2-4712-A019-CEA045E2A087}.Debug|x64.ActiveCfg = Debug|Win32
		{EC307704-46D2-4712-A019-CEA045E2A087}.Release|Any CPU.ActiveCfg = Release|Win32
		{EC307704-46D2-4712-A019-CEA045E2A087}.Release|Mixed Platforms.ActiveCfg = Release|Win32
		{EC307704-46D2-4712-A019-CEA045E2A087}.Release|Mixed Platforms.Build.0 = Release|Win32
		{EC307704-46D2-4712-A019-CEA045E2A087}.Release|Win32.ActiveCfg = Release|Win32
		{EC307704-46D2-4712-A019-CEA045E2A087}.Release|Win32.Build.0 = Release|Win32
		{EC307704-46D2-4712-A019-CEA045E2A087}.Release|x64.ActiveCfg = Release|Win32
		{A9348DDD-E8FB-4EE5-B927-9109EBF5A425}.Debug|Any CPU.ActiveCfg = Debug|Win32
		{A9348DDD-E8FB-4EE5-B927-9109EBF5A425}.Debug|Mixed Platforms.ActiveCfg = Debug|Win32
		{A9348DDD-E8FB-4EE5-B927-9109EBF5A425}.Debug|Mixed Platforms.Build.0 = Debug|Win32
		{A9348DDD-E8FB-4EE5-B927-9109EBF5A425}.Debug|Win32.ActiveCfg = Debug|Win32
		{A9348DDD-E8FB-4EE5-B927-9109EBF5A425}.Debug|Win32.Build.0 = Debug|Win32
		{A9348DDD-E8FB-4EE5-B927-9109EBF5A425}.Debug|x64.ActiveCfg = Debug|Win32
		{A9348DDD-E8FB-4EE5-B927-9109EBF5A425}.Release|Any CPU.ActiveCfg = Release|Win32
		{A9348DDD-E8FB-4EE5-B927-9109EBF5A425}.Release|Mixed Platforms.ActiveCfg = Release|Win32
		{A9348DDD-E8FB-4EE5-B927-9109EBF5A425}.Release|Mixed Platforms.Build.0 = Release|Win32
		{A9348DDD-E8FB-4EE5-B927-9109EBF5A425}.Release|Win32.ActiveCfg = Release|Win32
		{A9348DDD-E8FB-4EE5-B927-9109EBF5A425}.Release|Win32.Build.0 = Release|Win32
		{A9348DDD-E8FB-4EE5-B927-9109EBF5A425}.Release|x64.ActiveCfg = Release|Win32
		{8A343956-1834-4435-B0C0-AC36FD64E0E2}.Debug|Any CPU.ActiveCfg = Debug|Win32
		{8A343956-1834-4435-B0C0-AC36FD64E0E2}.Debug|Mixed Platforms.ActiveCfg = Debug|Win32
		{8A343956-1834-4435-B0C0-AC36FD64E0E2}.Debug|Mixed Platforms.Build.0 = Debug|Win32
		{8A343956-1834-4435-B0C0-AC36FD64E0E2}.Debug|Win32.ActiveCfg = Debug|Win32
		{8A343956-1834-4435-B0C0-AC36FD64E0E2}.Debug|Win32.Build.0 = Debug|Win32
		{8A343956-1834-4435-B0C0-AC36FD64E0E2}.Debug|x64.ActiveCfg = Debug|Win32
		{8A343956-1834-4435-B0C0-AC36FD64E0E2}.Release|Any CPU.ActiveCfg = Release|Win32
		{8A343956-1834-4435-B0C0-AC36FD64E0E2}.Release|Mixed Platforms.ActiveCfg = Release|Win32
		{8A343956-1834-4435-B0C0-AC36FD64E0E2}.Release|Mixed Platforms.Build.0 = Release|Win32
		{8A343956-1834-4435-B0C0-AC36FD64E0E2}.Release|Win32.ActiveCfg = Release|Win32
		{8A343956-1834-4435-B0C0-AC36FD64E0E2}.Release|Win32.Build.0 = Release|Win32
		{8A343956-1834-4435-B0C0-AC36FD64E0E2}.Release|x64.ActiveCfg = Release|Win32
		{016C819D-3133-4C11-BE68-C335F84CF511}.Debug|Any CPU.ActiveCfg = Debug|Win32
		{016C819D-3133-4C11-BE68-C335F84CF511}.Debug|Mixed Platforms.ActiveCfg = Debug|Win32
		{016C819D-3133-4C11-BE68-C335F84CF511}.Debug|Mixed Platforms.Build.0 = Debug|Win32
		{016C819D-3133-4C11-BE68-C335F84CF511}.Debug|Win32.ActiveCfg = Debug|Win32
		{016C819D-3133-4C11-BE68-C335F84CF511}.Debug|Win32.Build.0 = Debug|Win32
		{016C819D-3133-4C11-BE68-C335F84CF511}.Debug|x64.ActiveCfg = Debug|Win32
		{016C819D-3133-4C11-BE68-C335F84CF511}.Release|Any CPU.ActiveCfg = Release|Win32
		{016C819D-3133-4C11-BE68-C335F84CF511}.Release|Mixed Platforms.ActiveCfg = Release|Win32
		{016C819D-3133-4C11-BE68-C335F84CF511}.Release|Mixed Platforms.Build.0 = Release|Win32
		{016C819D-3133-4C11-BE68-C335F84CF511}.Release|Win32.ActiveCfg = Release|Win32
		{016C819D-3133-4C11-BE68-C335F84CF511}.Release|Win32.Build.0 = Release|Win32
		{016C819D-3133-4C11-BE68-C335F84CF511}.Release|x64.ActiveCfg = Release|Win32
		{87A54378-CC36-4B82-A328-4BAB25BD767B}.Debug|Any CPU.ActiveCfg = Debug|Win32
		{87A54378-CC36-4B82-A328-4BAB25BD767B}.Debug|Mixed Platforms.ActiveCfg = Debug|Win32
		{87A54378-CC36-4B82-A328-4BAB25BD767B}.Debug|Mixed Platforms.Build.0 = Debug|Win32
		{87A54378-CC36-4B82-A328-4BAB25BD767B}.Debug|Win32.ActiveCfg = Debug|Win32
		{87A54378-CC36-4B82-A328-4BAB25BD767B}.Debug|Win32.Build.0 = Debug|Win32
		{87A54378-CC36-4B82-A328-4BAB25BD767B}.Debug|x64.ActiveCfg = Debug|Win32
		{87A54378-CC36-4B82-A328-4BAB25BD767B}.Release|Any CPU.ActiveCfg = Release|Win32
		{87A54378-CC36-4B82-A328-4BAB25BD767B}.Release|Mixed Platforms.ActiveCfg = Release|Win32
		{87A54378-CC36-4B82-A328-4BAB25BD767B}.Release|Mixed Platforms.Build.0 = Release|Win32
		{87A54378-CC36-4B82-A328-4BAB25BD767B}.Release|Win32.ActiveCfg = Release|Win32
		{87A54378-CC36-4B82-A328-4BAB25BD767B}.Release|Win32.Build.0 = Release|Win32
		{87A54378-CC36-4B82-A328-4BAB25BD767B}.Release|x64.ActiveCfg = Release|Win32
		{C18E33BC-DC25-489B-BAB5-BE593A10F391}.Debug|Any CPU.ActiveCfg = Debug|Win32
		{C18E33BC-DC25-489B-BAB5-BE593A10F391}.Debug|Mixed Platforms.ActiveCfg = Debug|Win32
		{C18E33BC-DC25-489B-BAB5-BE593A10F391}.Debug|Mixed Platforms.Build.0 = Debug|Win32
		{C18E33BC-DC25-489B-BAB5-BE593A10F391}.Debug|Win32.ActiveCfg = Debug|Win32
		{C18E33BC-DC25-489B-BAB5-BE593A10F391}.Debug|Win32.Build.0 = Debug|Win32
		{C18E33BC-DC25-489B-BAB5-BE593A10F391}.Debug|x64.ActiveCfg = Debug|Win32
		{C18E33BC-DC25-489B-BAB5-BE593A10F391}.Release|Any CPU.ActiveCfg = Release|Win32
		{C18E33BC-DC25-489B-BAB5-BE593A10F391}.Release|Mixed Platforms.ActiveCfg = Release|Win32
		{C18E33BC-DC25-489B-BAB5-BE593A10F391}.Release|Mixed Platforms.Build.0 = Release|Win32
		{C18E33BC-DC25-489B-BAB5-BE593A10F391}.Release|Win32.ActiveCfg = Release|Win32
		{C18E33BC-DC25-489B-BAB5-BE593A10F391}.Release|Win32.Build.0 = Release|Win32
		{C18E33BC-DC25-489B-BAB5-BE593A10F391}.Release|x64.ActiveCfg = Release|Win32
		{C18E33BC-DC25-489B-BAB5-BE593A10F393}.Debug|Any CPU.ActiveCfg = Debug|Win32
		{C18E33BC-DC25-489B-BAB5-BE593A10F393}.Debug|Mixed Platforms.ActiveCfg = Debug|Win32
		{C18E33BC-DC25-489B-BAB5-BE593A10F393}.Debug|Mixed Platforms.Build.0 = Debug|Win32
		{C18E33BC-DC25-489B-BAB5-BE593A10F393}.Debug|Win32.ActiveCfg = Debug|Win32
		{C18E33BC-DC25-489B-BAB5-BE593A10F393}.Debug|Win32.Build.0 = Debug|Win32
		{C18E33BC-DC25-489B-BAB5-BE593A10F393}.Debug|x64.ActiveCfg = Debug|Win32
		{C18E33BC-DC25-489B-BAB5-BE593A10F393}.Release|Any CPU.ActiveCfg = Release|Win32
		{C18E33BC-DC25-489B-BAB5-BE593A10F393}.Release|Mixed Platforms.ActiveCfg = Release|Win32
		{C18E33BC-DC25-489B-BAB5-BE593A10F393}.Release|Mixed Platforms.Build.0 = Release|Win32
		{C18E33BC-DC25-489B-BAB5-BE593A10F393}.Release|Win32.ActiveCfg = Release|Win32
		{C18E33BC-DC25-489B-BAB5-BE593A10F393}.Release|Win32.Build.0 = Release|Win32
		{C18E33BC-DC25-489B-BAB5-BE593A10F393}.Release|x64.ActiveCfg = Release|Win32
		{51124602-520A-4982-90F7-8CFDBCC8D75E}.Debug|Any CPU.ActiveCfg = Debug|Win32
		{51124602-520A-4982-90F7-8CFDBCC8D75E}.Debug|Mixed Platforms.ActiveCfg = Debug|Win32
		{51124602-520A-4982-90F7-8CFDBCC8D75E}.Debug|Mixed Platforms.Build.0 = Debug|Win32
		{51124602-520A-4982-90F7-8CFDBCC8D75E}.Debug|Win32.ActiveCfg = Debug|Win32
		{51124602-520A-4982-90F7-8CFDBCC8D75E}.Debug|Win32.Build.0 = Debug|Win32
		{51124602-520A-4982-90F7-8CFDBCC8D75E}.Debug|x64.ActiveCfg = Debug|Win32
		{51124602-520A-4982-90F7-8CFDBCC8D75E}.Release|Any CPU.ActiveCfg = Release|Win32
		{51124602-520A-4982-90F7-8CFDBCC8D75E}.Release|Mixed Platforms.ActiveCfg = Release|Win32
		{51124602-520A-4982-90F7-8CFDBCC8D75E}.Release|Mixed Platforms.Build.0 = Release|Win32
		{51124602-520A-4982-90F7-8CFDBCC8D75E}.Release|Win32.ActiveCfg = Release|Win32
		{51124602-520A-4982-90F7-8CFDBCC8D75E}.Release|Win32.Build.0 = Release|Win32
		{51124602-520A-4982-90F7-8CFDBCC8D75E}.Release|x64.ActiveCfg = Release|Win32
		{32C8E774-7604-4EC2-8D6D-83E2A5BF59C8}.Debug|Any CPU.ActiveCfg = Debug|Win32
		{32C8E774-7604-4EC2-8D6D-83E2A5BF59C8}.Debug|Mixed Platforms.ActiveCfg = Debug|Win32
		{32C8E774-7604-4EC2-8D6D-83E2A5BF59C8}.Debug|Mixed Platforms.Build.0 = Debug|Win32
		{32C8E774-7604-4EC2-8D6D-83E2A5BF59C8}.Debug|Win32.ActiveCfg = Debug|Win32
		{32C8E774-7604-4EC2-8D6D-83E2A5BF59C8}.Debug|Win32.Build.0 = Debug|Win32
		{32C8E774-7604-4EC2-8D6D-83E2A5BF59C8}.Debug|x64.ActiveCfg = Debug|Win32
		{32C8E774-7604-4EC2-8D6D-83E2A5BF59C8}.Release|Any CPU.ActiveCfg = Release|Win32
		{32C8E774-7604-4EC2-8D6D-83E2A5BF59C8}.Release|Mixed Platforms.ActiveCfg = Release|Win32
		{32C8E774-7604-4EC2-8D6D-83E2A5BF59C8}.Release|Mixed Platforms.Build.0 = Release|Win32
		{32C8E774-7604-4EC2-8D6D-83E2A5BF59C8}.Release|Win32.ActiveCfg = Release|Win32
		{32C8E774-7604-4EC2-8D6D-83E2A5BF59C8}.Release|Win32.Build.0 = Release|Win32
		{32C8E774-7604-4EC2-8D6D-83E2A5BF59C8}.Release|x64.ActiveCfg = Release|Win32
		{959932E3-BB48-4F3B-AC25-CACEF8FAF413}.Debug|Any CPU.ActiveCfg = Debug|Win32
		{959932E3-BB48-4F3B-AC25-CACEF8FAF413}.Debug|Mixed Platforms.ActiveCfg = Debug|Win32
		{959932E3-BB48-4F3B-AC25-CACEF8FAF413}.Debug|Mixed Platforms.Build.0 = Debug|Win32
		{959932E3-BB48-4F3B-AC25-CACEF8FAF413}.Debug|Win32.ActiveCfg = Debug|Win32
		{959932E3-BB48-4F3B-AC25-CACEF8FAF413}.Debug|Win32.Build.0 = Debug|Win32
		{959932E3-BB48-4F3B-AC25-CACEF8FAF413}.Debug|x64.ActiveCfg = Debug|Win32
		{959932E3-BB48-4F3B-AC25-CACEF8FAF413}.Release|Any CPU.ActiveCfg = Release|Win32
		{959932E3-BB48-4F3B-AC25-CACEF8FAF413}.Release|Mixed Platforms.ActiveCfg = Release|Win32
		{959932E3-BB48-4F3B-AC25-CACEF8FAF413}.Release|Mixed Platforms.Build.0 = Release|Win32
		{959932E3-BB48-4F3B-AC25-CACEF8FAF413}.Release|Win32.ActiveCfg = Release|Win32
		{959932E3-BB48-4F3B-AC25-CACEF8FAF413}.Release|Win32.Build.0 = Release|Win32
		{959932E3-BB48-4F3B-AC25-CACEF8FAF413}.Release|x64.ActiveCfg = Release|Win32
		{98541F0E-4DF9-4046-915B-AFA0903C5B41}.Debug|Any CPU.ActiveCfg = Debug|Win32
		{98541F0E-4DF9-4046-915B-AFA0903C5B41}.Debug|Mixed Platforms.ActiveCfg = Debug|Win32
		{98541F0E-4DF9-4046-915B-AFA0903C5B41}.Debug|Mixed Platforms.Build.0 = Debug|Win32
		{98541F0E-4DF9-4046-915B-AFA0903C5B41}.Debug|Win32.ActiveCfg = Debug|Win32
		{98541F0E-4DF9-4046-915B-AFA0903C5B41}.Debug|Win32.Build.0 = Debug|Win32
		{98541F0E-4DF9-4046-915B-AFA0903C5B41}.Debug|x64.ActiveCfg = Debug|Win32
		{98541F0E-4DF9-4046-915B-AFA0903C5B41}.Release|Any CPU.ActiveCfg = Release|Win32
		{98541F0E-4DF9-4046-915B-AFA0903C5B41}.Release|Mixed Platforms.ActiveCfg = Release|Win32
		{98541F0E-4DF9-4046-915B-AFA0903C5B41}.Release|Mixed Platforms.Build.0 = Release|Win32
		{98541F0E-4DF9-4046-915B-AFA0903C5B41}.Release|Win32.ActiveCfg = Release|Win32
		{98541F0E-4DF9-4046-915B-AFA0903C5B41}.Release|Win32.Build.0 = Release|Win32
		{98541F0E-4DF9-4046-915B-AFA0903C5B41}.Release|x64.ActiveCfg = Release|Win32
		{B6FA7229-747D-4C33-BCAF-051E1E73215F}.Debug|Any CPU.ActiveCfg = Debug|Win32
		{B6FA7229-747D-4C33-BCAF-051E1E73215F}.Debug|Mixed Platforms.ActiveCfg = Debug|Win32
		{B6FA7229-747D-4C33-BCAF-051E1E73215F}.Debug|Mixed Platforms.Build.0 = Debug|Win32
		{B6FA7229-747D-4C33-BCAF-051E1E73215F}.Debug|Win32.ActiveCfg = Debug|Win32
		{B6FA7229-747D-4C33-BCAF-051E1E73215F}.Debug|Win32.Build.0 = Debug|Win32
		{B6FA7229-747D-4C33-BCAF-051E1E73215F}.Debug|x64.ActiveCfg = Debug|Win32
		{B6FA7229-747D-4C33-BCAF-051E1E73215F}.Release|Any CPU.ActiveCfg = Release|Win32
		{B6FA7229-747D-4C33-BCAF-051E1E73215F}.Release|Mixed Platforms.ActiveCfg = Release|Win32
		{B6FA7229-747D-4C33-BCAF-051E1E73215F}.Release|Mixed Platforms.Build.0 = Release|Win32
		{B6FA7229-747D-4C33-BCAF-051E1E73215F}.Release|Win32.ActiveCfg = Release|Win32
		{B6FA7229-747D-4C33-BCAF-051E1E73215F}.Release|Win32.Build.0 = Release|Win32
		{B6FA7229-747D-4C33-BCAF-051E1E73215F}.Release|x64.ActiveCfg = Release|Win32
	EndGlobalSection
	GlobalSection(SolutionProperties) = preSolution
		HideSolutionNode = FALSE
	EndGlobalSection
	GlobalSection(ExtensibilityGlobals) = postSolution
		SolutionGuid = {EF194B30-4381-4AC2-A94F-E7AEFE66F792}
	EndGlobalSection
EndGlobal
