
Microsoft Visual Studio Solution File, Format Version 12.00
# Visual Studio 15
VisualStudioVersion = 15.0.27703.2035
MinimumVisualStudioVersion = 10.0.40219.1
Project("{FAE04EC0-301F-11D3-BF4B-00C04F79EFBC}") = "SimpleHistoryExample", "SimpleHistoryExample\SimpleHistoryExample.csproj", "{D67CF013-0BCA-44E5-AEA1-85477BD7C7B8}"
EndProject
Project("{FAE04EC0-301F-11D3-BF4B-00C04F79EFBC}") = "SimpleIntradayBarExample", "SimpleIntradayBarExample\SimpleIntradayBarExample.csproj", "{EC19441A-9792-41F2-869C-9E7D00D25996}"
EndProject
Project("{FAE04EC0-301F-11D3-BF4B-00C04F79EFBC}") = "SimpleIntradayTickExample", "SimpleIntradayTickExample\SimpleIntradayTickExample.csproj", "{36AC742E-F326-47F4-9B9D-D2047E2BD2DA}"
EndProject
Project("{FAE04EC0-301F-11D3-BF4B-00C04F79EFBC}") = "SimpleRefDataExample", "SimpleRefDataExample\SimpleRefDataExample.csproj", "{0A483551-250E-44F6-8D6E-528501EC86D8}"
EndProject
Project("{FAE04EC0-301F-11D3-BF4B-00C04F79EFBC}") = "SimpleSubscriptionExample", "SimpleSubscriptionExample\SimpleSubscriptionExample.csproj", "{52E26B98-9C28-42E0-ADBD-8F6C681EDCED}"
EndProject
Project("{FAE04EC0-301F-11D3-BF4B-00C04F79EFBC}") = "SimpleCustomVWAPExample", "SimpleCustomVWAPExample\SimpleCustomVWAPExample.csproj", "{194E50F3-F193-4C2E-AD0A-36DACB132E71}"
EndProject
Project("{FAE04EC0-301F-11D3-BF4B-00C04F79EFBC}") = "SimpleFieldSearchExample", "SimpleFieldSearchExample\SimpleFieldSearchExample.csproj", "{859A491F-3BFF-45CE-9052-B7A76A64D700}"
EndProject
Project("{FAE04EC0-301F-11D3-BF4B-00C04F79EFBC}") = "SimpleSchemaExample", "SimpleSchemaExample\SimpleSchemaExample.csproj", "{FF6ACF24-F996-400E-8812-E969C038CC29}"
EndProject
Project("{FAE04EC0-301F-11D3-BF4B-00C04F79EFBC}") = "SimpleIntradayBarSubscriptionExample", "SimpleIntradayBarSubscriptionExample\SimpleIntradayBarSubscriptionExample.csproj", "{FF3352B0-A96D-4A0B-83E6-30863D779C37}"
EndProject
Global
	GlobalSection(SolutionConfigurationPlatforms) = preSolution
		Debug|Any CPU = Debug|Any CPU
		Release|Any CPU = Release|Any CPU
	EndGlobalSection
	GlobalSection(ProjectConfigurationPlatforms) = postSolution
		{D67CF013-0BCA-44E5-AEA1-85477BD7C7B8}.Debug|Any CPU.ActiveCfg = Debug|Any CPU
		{D67CF013-0BCA-44E5-AEA1-85477BD7C7B8}.Debug|Any CPU.Build.0 = Debug|Any CPU
		{D67CF013-0BCA-44E5-AEA1-85477BD7C7B8}.Release|Any CPU.ActiveCfg = Release|Any CPU
		{D67CF013-0BCA-44E5-AEA1-85477BD7C7B8}.Release|Any CPU.Build.0 = Release|Any CPU
		{EC19441A-9792-41F2-869C-9E7D00D25996}.Debug|Any CPU.ActiveCfg = Debug|Any CPU
		{EC19441A-9792-41F2-869C-9E7D00D25996}.Debug|Any CPU.Build.0 = Debug|Any CPU
		{EC19441A-9792-41F2-869C-9E7D00D25996}.Release|Any CPU.ActiveCfg = Release|Any CPU
		{EC19441A-9792-41F2-869C-9E7D00D25996}.Release|Any CPU.Build.0 = Release|Any CPU
		{36AC742E-F326-47F4-9B9D-D2047E2BD2DA}.Debug|Any CPU.ActiveCfg = Debug|Any CPU
		{36AC742E-F326-47F4-9B9D-D2047E2BD2DA}.Debug|Any CPU.Build.0 = Debug|Any CPU
		{36AC742E-F326-47F4-9B9D-D2047E2BD2DA}.Release|Any CPU.ActiveCfg = Release|Any CPU
		{36AC742E-F326-47F4-9B9D-D2047E2BD2DA}.Release|Any CPU.Build.0 = Release|Any CPU
		{0A483551-250E-44F6-8D6E-528501EC86D8}.Debug|Any CPU.ActiveCfg = Debug|Any CPU
		{0A483551-250E-44F6-8D6E-528501EC86D8}.Debug|Any CPU.Build.0 = Debug|Any CPU
		{0A483551-250E-44F6-8D6E-528501EC86D8}.Release|Any CPU.ActiveCfg = Release|Any CPU
		{0A483551-250E-44F6-8D6E-528501EC86D8}.Release|Any CPU.Build.0 = Release|Any CPU
		{52E26B98-9C28-42E0-ADBD-8F6C681EDCED}.Debug|Any CPU.ActiveCfg = Debug|Any CPU
		{52E26B98-9C28-42E0-ADBD-8F6C681EDCED}.Debug|Any CPU.Build.0 = Debug|Any CPU
		{52E26B98-9C28-42E0-ADBD-8F6C681EDCED}.Release|Any CPU.ActiveCfg = Release|Any CPU
		{52E26B98-9C28-42E0-ADBD-8F6C681EDCED}.Release|Any CPU.Build.0 = Release|Any CPU
		{194E50F3-F193-4C2E-AD0A-36DACB132E71}.Debug|Any CPU.ActiveCfg = Debug|Any CPU
		{194E50F3-F193-4C2E-AD0A-36DACB132E71}.Debug|Any CPU.Build.0 = Debug|Any CPU
		{194E50F3-F193-4C2E-AD0A-36DACB132E71}.Release|Any CPU.ActiveCfg = Release|Any CPU
		{194E50F3-F193-4C2E-AD0A-36DACB132E71}.Release|Any CPU.Build.0 = Release|Any CPU
		{859A491F-3BFF-45CE-9052-B7A76A64D700}.Debug|Any CPU.ActiveCfg = Debug|Any CPU
		{859A491F-3BFF-45CE-9052-B7A76A64D700}.Debug|Any CPU.Build.0 = Debug|Any CPU
		{859A491F-3BFF-45CE-9052-B7A76A64D700}.Release|Any CPU.ActiveCfg = Release|Any CPU
		{859A491F-3BFF-45CE-9052-B7A76A64D700}.Release|Any CPU.Build.0 = Release|Any CPU
		{FF6ACF24-F996-400E-8812-E969C038CC29}.Debug|Any CPU.ActiveCfg = Debug|Any CPU
		{FF6ACF24-F996-400E-8812-E969C038CC29}.Debug|Any CPU.Build.0 = Debug|Any CPU
		{FF6ACF24-F996-400E-8812-E969C038CC29}.Release|Any CPU.ActiveCfg = Release|Any CPU
		{FF6ACF24-F996-400E-8812-E969C038CC29}.Release|Any CPU.Build.0 = Release|Any CPU
		{FF3352B0-A96D-4A0B-83E6-30863D779C37}.Debug|Any CPU.ActiveCfg = Debug|Any CPU
		{FF3352B0-A96D-4A0B-83E6-30863D779C37}.Debug|Any CPU.Build.0 = Debug|Any CPU
		{FF3352B0-A96D-4A0B-83E6-30863D779C37}.Release|Any CPU.ActiveCfg = Release|Any CPU
		{FF3352B0-A96D-4A0B-83E6-30863D779C37}.Release|Any CPU.Build.0 = Release|Any CPU
	EndGlobalSection
	GlobalSection(SolutionProperties) = preSolution
		HideSolutionNode = FALSE
	EndGlobalSection
	GlobalSection(ExtensibilityGlobals) = postSolution
		SolutionGuid = {04BBB145-015E-4F33-BB44-BA1E8219B828}
	EndGlobalSection
EndGlobal
