
Microsoft Visual Studio Solution File, Format Version 12.00
# Visual Studio 15
VisualStudioVersion = 15.0.27703.2035
MinimumVisualStudioVersion = 10.0.40219.1
Project("{FAE04EC0-301F-11D3-BF4B-00C04F79EFBC}") = "ConnectionAndAuthExample", "ConnectionAndAuthExample\ConnectionAndAuthExample.csproj", "{2C836EB9-A3A4-4D70-9396-23B5150C611D}"
EndProject
Project("{FAE04EC0-301F-11D3-BF4B-00C04F79EFBC}") = "IntradayBarExample", "IntradayBarExample\IntradayBarExample.csproj", "{D320E362-26A7-45D5-8B8A-ECACB0BB590D}"
EndProject
Project("{FAE04EC0-301F-11D3-BF4B-00C04F79EFBC}") = "IntradayTickExample", "IntradayTickExample\IntradayTickExample.csproj", "{4E10ED69-589F-45E1-9136-0040E3527ECF}"
EndProject
Project("{FAE04EC0-301F-11D3-BF4B-00C04F79EFBC}") = "RefDataExample", "RefDataExample\RefDataExample.csproj", "{418ED62A-D293-4396-BEE5-5761F331B785}"
EndProject
Project("{FAE04EC0-301F-11D3-BF4B-00C04F79EFBC}") = "SimpleHistoryExample", "SimpleHistoryExample\SimpleHistoryExample.csproj", "{164AF7A0-E5F5-4385-B295-E83AC1DE38E6}"
EndProject
Project("{FAE04EC0-301F-11D3-BF4B-00C04F79EFBC}") = "SimpleIntradayBarExample", "SimpleIntradayBarExample\SimpleIntradayBarExample.csproj", "{77A37B8A-E4D5-4FE5-BC6E-0CCAB94C578F}"
EndProject
Project("{FAE04EC0-301F-11D3-BF4B-00C04F79EFBC}") = "SimpleIntradayTickExample", "SimpleIntradayTickExample\SimpleIntradayTickExample.csproj", "{E0747DBB-9984-4E1B-B90A-3EBB6E6C448E}"
EndProject
Project("{FAE04EC0-301F-11D3-BF4B-00C04F79EFBC}") = "SimpleRefDataExample", "SimpleRefDataExample\SimpleRefDataExample.csproj", "{E2A540AE-312E-4B96-9035-7445CA74C3EE}"
EndProject
Project("{FAE04EC0-301F-11D3-BF4B-00C04F79EFBC}") = "SimpleRefDataOverrideExample", "SimpleRefDataOverrideExample\SimpleRefDataOverrideExample.csproj", "{8B2D40A1-FE75-469D-BE60-114FDAAF5FC9}"
EndProject
Project("{FAE04EC0-301F-11D3-BF4B-00C04F79EFBC}") = "SimpleSubscriptionExample", "SimpleSubscriptionExample\SimpleSubscriptionExample.csproj", "{AE9A4C5D-4495-4158-8C76-9B922FD89D9B}"
EndProject
Project("{FAE04EC0-301F-11D3-BF4B-00C04F79EFBC}") = "SimpleSubscriptionIntervalExample", "SimpleSubscriptionIntervalExample\SimpleSubscriptionIntervalExample.csproj", "{A07C8128-FDCE-4EB3-9CCB-E114B9341F1A}"
EndProject
Project("{FAE04EC0-301F-11D3-BF4B-00C04F79EFBC}") = "SubscriptionCorrelationExample", "SubscriptionCorrelationExample\SubscriptionCorrelationExample.csproj", "{76441056-4503-490E-9279-145142A2E5D1}"
EndProject
Project("{FAE04EC0-301F-11D3-BF4B-00C04F79EFBC}") = "SubscriptionWithEventHandlerExample", "SubscriptionWithEventHandlerExample\SubscriptionWithEventHandlerExample.csproj", "{0A16F628-544A-4072-BB8B-4712D8103A10}"
EndProject
Project("{FAE04EC0-301F-11D3-BF4B-00C04F79EFBC}") = "CorrelationExample", "CorrelationExample\CorrelationExample.csproj", "{2C836EB9-A3A4-4D70-9396-23B5050C601D}"
EndProject
Project("{FAE04EC0-301F-11D3-BF4B-00C04F79EFBC}") = "SimpleBlockingRequestExample", "SimpleBlockingRequestExample\SimpleBlockingRequestExample.csproj", "{0FD16EC6-D796-472D-990C-E1304D3FB483}"
EndProject
Project("{FAE04EC0-301F-11D3-BF4B-00C04F79EFBC}") = "EntitlementsVerificationExample", "EntitlementsVerificationExample\EntitlementsVerificationExample.csproj", "{073094D6-B6C7-4316-903B-17BEF1233706}"
EndProject
Project("{FAE04EC0-301F-11D3-BF4B-00C04F79EFBC}") = "SimpleCategorizedFieldSearchExample", "SimpleCategorizedFieldSearchExample\SimpleCategorizedFieldSearchExample.csproj", "{C75495B9-BEFF-4C7B-9443-81E3F4740988}"
EndProject
Project("{FAE04EC0-301F-11D3-BF4B-00C04F79EFBC}") = "SimpleFieldInfoExample", "SimpleFieldInfoExample\SimpleFieldInfoExample.csproj", "{0161503C-65D3-4177-B7A1-CBCBD699B413}"
EndProject
Project("{FAE04EC0-301F-11D3-BF4B-00C04F79EFBC}") = "SimpleFieldSearchExample", "SimpleFieldSearchExample\SimpleFieldSearchExample.csproj", "{936534C1-2743-41D7-8906-66CA2BD854AB}"
EndProject
Project("{FAE04EC0-301F-11D3-BF4B-00C04F79EFBC}") = "EntitlementsVerificationSubscriptionExample", "EntitlementsVerificationSubscriptionExample\EntitlementsVerificationSubscriptionExample.csproj", "{26E49B1B-5B83-4C16-9097-F9219700288C}"
EndProject
Project("{FAE04EC0-301F-11D3-BF4B-00C04F79EFBC}") = "UserModeExample", "UserModeExample\UserModeExample.csproj", "{F12DC43C-B3BA-43B0-AA2A-2DAD9C603BB5}"
EndProject
Project("{FAE04EC0-301F-11D3-BF4B-00C04F79EFBC}") = "SecurityEntitlementsExample", "SecurityEntitlementsExample\SecurityEntitlementsExample.csproj", "{AEE826F4-0F5B-494E-9390-9AC06353D961}"
EndProject
Project("{FAE04EC0-301F-11D3-BF4B-00C04F79EFBC}") = "UserEntitlementsExample", "UserEntitlementsExample\UserEntitlementsExample.csproj", "{2DDFDD3C-806A-4FAF-9D97-536328684E1F}"
EndProject
Project("{FAE04EC0-301F-11D3-BF4B-00C04F79EFBC}") = "HistoryExample", "HistoryExample\HistoryExample.csproj", "{25FF7062-5BD9-4FDC-BA2F-B7A92166C1BE}"
EndProject
Project("{FAE04EC0-301F-11D3-BF4B-00C04F79EFBC}") = "SimpleCustomVWAPExample", "SimpleCustomVWAPExample\SimpleCustomVWAPExample.csproj", "{500A4FAC-FDD1-427E-A299-16A7FBA65DDA}"
EndProject
Project("{FAE04EC0-301F-11D3-BF4B-00C04F79EFBC}") = "RefDataTableOverrideExample", "RefDataTableOverrideExample\RefDataTableOverrideExample.csproj", "{C46B6F32-5CF7-4BF8-B0B5-598E521175CF}"
EndProject
Project("{FAE04EC0-301F-11D3-BF4B-00C04F79EFBC}") = "MktBarSubscriptionWithEvents", "MktBarSubscriptionWithEvents\MktBarSubscriptionWithEvents.csproj", "{3C3B6179-FE48-4ABE-AC99-AF3D99F15EA5}"
EndProject
Project("{FAE04EC0-301F-11D3-BF4B-00C04F79EFBC}") = "PageDataExample", "PageDataExample\PageDataExample.csproj", "{2723CF65-ACE3-47AE-BD04-D5398A811456}"
EndProject
Project("{FAE04EC0-301F-11D3-BF4B-00C04F79EFBC}") = "TechnicalAnalysisHistoricalStudyExample", "TechnicalAnalysisHistoricalStudyExample\TechnicalAnalysisHistoricalStudyExample.csproj", "{41081657-4845-4E1A-A4D7-7F0F1210DCD2}"
EndProject
Project("{FAE04EC0-301F-11D3-BF4B-00C04F79EFBC}") = "TechnicalAnalysisIntradayStudyExample", "TechnicalAnalysisIntradayStudyExample\TechnicalAnalysisIntradayStudyExample.csproj", "{2F429F27-9B69-4245-B57A-0BF64587ED1B}"
EndProject
Project("{FAE04EC0-301F-11D3-BF4B-00C04F79EFBC}") = "TechnicalAnalysisRealtimeStudyExample", "TechnicalAnalysisRealtimeStudyExample\TechnicalAnalysisRealtimeStudyExample.csproj", "{CF6E9D96-77EA-4026-BF92-8BF59187944B}"
EndProject
Project("{FAE04EC0-301F-11D3-BF4B-00C04F79EFBC}") = "PortfolioDataExample", "PortfolioDataExample\PortfolioDataExample.csproj", "{1EDC83F4-BC98-4A1F-8571-E487DCA57726}"
EndProject
Project("{FAE04EC0-301F-11D3-BF4B-00C04F79EFBC}") = "EqsDataExample", "EqsDataExample\EqsDataExample.csproj", "{1535B6A9-822A-4FB7-9719-ADF308CBE6CA}"
EndProject
Project("{FAE04EC0-301F-11D3-BF4B-00C04F79EFBC}") = "SecurityLookupExample", "SecurityLookupExample\SecurityLookupExample.csproj", "{9E67EDBF-B466-4429-B959-0C01F7FCFB10}"
EndProject
Project("{FAE04EC0-301F-11D3-BF4B-00C04F79EFBC}") = "ServiceSchemaDumpExample", "ServiceSchemaDumpExample\ServiceSchemaDumpExample.csproj", "{C76D28FE-DA53-48A8-B18D-CDE71F7C8FA9}"
EndProject
Project("{FAE04EC0-301F-11D3-BF4B-00C04F79EFBC}") = "BulkRefDataExample", "BulkRefDataExample\BulkRefDataExample.csproj", "{F906D242-1CE2-4485-97C4-21EC6A657238}"
EndProject
Project("{FAE04EC0-301F-11D3-BF4B-00C04F79EFBC}") = "SnapshotRequestTemplateExample", "SnapshotRequestTemplateExample\SnapshotRequestTemplateExample.csproj", "{FA66AF96-5AC1-4AC5-B842-CF0699E7E235}"
EndProject
Global
	GlobalSection(SolutionConfigurationPlatforms) = preSolution
		Debug|Any CPU = Debug|Any CPU
		Debug|Mixed Platforms = Debug|Mixed Platforms
		Debug|Win32 = Debug|Win32
		Release|Any CPU = Release|Any CPU
		Release|Mixed Platforms = Release|Mixed Platforms
		Release|Win32 = Release|Win32
	EndGlobalSection
	GlobalSection(ProjectConfigurationPlatforms) = postSolution
		{2C836EB9-A3A4-4D70-9396-23B5150C611D}.Debug|Any CPU.ActiveCfg = Debug|Any CPU
		{2C836EB9-A3A4-4D70-9396-23B5150C611D}.Debug|Any CPU.Build.0 = Debug|Any CPU
		{2C836EB9-A3A4-4D70-9396-23B5150C611D}.Debug|Mixed Platforms.ActiveCfg = Debug|Any CPU
		{2C836EB9-A3A4-4D70-9396-23B5150C611D}.Debug|Mixed Platforms.Build.0 = Debug|Any CPU
		{2C836EB9-A3A4-4D70-9396-23B5150C611D}.Debug|Win32.ActiveCfg = Debug|Any CPU
		{2C836EB9-A3A4-4D70-9396-23B5150C611D}.Debug|Win32.Build.0 = Debug|Any CPU
		{2C836EB9-A3A4-4D70-9396-23B5150C611D}.Release|Any CPU.ActiveCfg = Release|Any CPU
		{2C836EB9-A3A4-4D70-9396-23B5150C611D}.Release|Any CPU.Build.0 = Release|Any CPU
		{2C836EB9-A3A4-4D70-9396-23B5150C611D}.Release|Mixed Platforms.ActiveCfg = Release|Any CPU
		{2C836EB9-A3A4-4D70-9396-23B5150C611D}.Release|Mixed Platforms.Build.0 = Release|Any CPU
		{2C836EB9-A3A4-4D70-9396-23B5150C611D}.Release|Win32.ActiveCfg = Release|Any CPU
		{2C836EB9-A3A4-4D70-9396-23B5150C611D}.Release|Win32.Build.0 = Release|Any CPU
		{D320E362-26A7-45D5-8B8A-ECACB0BB590D}.Debug|Any CPU.ActiveCfg = Debug|Any CPU
		{D320E362-26A7-45D5-8B8A-ECACB0BB590D}.Debug|Any CPU.Build.0 = Debug|Any CPU
		{D320E362-26A7-45D5-8B8A-ECACB0BB590D}.Debug|Mixed Platforms.ActiveCfg = Debug|Any CPU
		{D320E362-26A7-45D5-8B8A-ECACB0BB590D}.Debug|Mixed Platforms.Build.0 = Debug|Any CPU
		{D320E362-26A7-45D5-8B8A-ECACB0BB590D}.Debug|Win32.ActiveCfg = Debug|Any CPU
		{D320E362-26A7-45D5-8B8A-ECACB0BB590D}.Release|Any CPU.ActiveCfg = Release|Any CPU
		{D320E362-26A7-45D5-8B8A-ECACB0BB590D}.Release|Any CPU.Build.0 = Release|Any CPU
		{D320E362-26A7-45D5-8B8A-ECACB0BB590D}.Release|Mixed Platforms.ActiveCfg = Release|Any CPU
		{D320E362-26A7-45D5-8B8A-ECACB0BB590D}.Release|Mixed Platforms.Build.0 = Release|Any CPU
		{D320E362-26A7-45D5-8B8A-ECACB0BB590D}.Release|Win32.ActiveCfg = Release|Any CPU
		{4E10ED69-589F-45E1-9136-0040E3527ECF}.Debug|Any CPU.ActiveCfg = Debug|Any CPU
		{4E10ED69-589F-45E1-9136-0040E3527ECF}.Debug|Any CPU.Build.0 = Debug|Any CPU
		{4E10ED69-589F-45E1-9136-0040E3527ECF}.Debug|Mixed Platforms.ActiveCfg = Debug|Any CPU
		{4E10ED69-589F-45E1-9136-0040E3527ECF}.Debug|Mixed Platforms.Build.0 = Debug|Any CPU
		{4E10ED69-589F-45E1-9136-0040E3527ECF}.Debug|Win32.ActiveCfg = Debug|Any CPU
		{4E10ED69-589F-45E1-9136-0040E3527ECF}.Release|Any CPU.ActiveCfg = Release|Any CPU
		{4E10ED69-589F-45E1-9136-0040E3527ECF}.Release|Any CPU.Build.0 = Release|Any CPU
		{4E10ED69-589F-45E1-9136-0040E3527ECF}.Release|Mixed Platforms.ActiveCfg = Release|Any CPU
		{4E10ED69-589F-45E1-9136-0040E3527ECF}.Release|Mixed Platforms.Build.0 = Release|Any CPU
		{4E10ED69-589F-45E1-9136-0040E3527ECF}.Release|Win32.ActiveCfg = Release|Any CPU
		{418ED62A-D293-4396-BEE5-5761F331B785}.Debug|Any CPU.ActiveCfg = Debug|Any CPU
		{418ED62A-D293-4396-BEE5-5761F331B785}.Debug|Any CPU.Build.0 = Debug|Any CPU
		{418ED62A-D293-4396-BEE5-5761F331B785}.Debug|Mixed Platforms.ActiveCfg = Debug|Any CPU
		{418ED62A-D293-4396-BEE5-5761F331B785}.Debug|Mixed Platforms.Build.0 = Debug|Any CPU
		{418ED62A-D293-4396-BEE5-5761F331B785}.Debug|Win32.ActiveCfg = Debug|Any CPU
		{418ED62A-D293-4396-BEE5-5761F331B785}.Release|Any CPU.ActiveCfg = Release|Any CPU
		{418ED62A-D293-4396-BEE5-5761F331B785}.Release|Any CPU.Build.0 = Release|Any CPU
		{418ED62A-D293-4396-BEE5-5761F331B785}.Release|Mixed Platforms.ActiveCfg = Release|Any CPU
		{418ED62A-D293-4396-BEE5-5761F331B785}.Release|Mixed Platforms.Build.0 = Release|Any CPU
		{418ED62A-D293-4396-BEE5-5761F331B785}.Release|Win32.ActiveCfg = Release|Any CPU
		{164AF7A0-E5F5-4385-B295-E83AC1DE38E6}.Debug|Any CPU.ActiveCfg = Debug|Any CPU
		{164AF7A0-E5F5-4385-B295-E83AC1DE38E6}.Debug|Any CPU.Build.0 = Debug|Any CPU
		{164AF7A0-E5F5-4385-B295-E83AC1DE38E6}.Debug|Mixed Platforms.ActiveCfg = Debug|Any CPU
		{164AF7A0-E5F5-4385-B295-E83AC1DE38E6}.Debug|Mixed Platforms.Build.0 = Debug|Any CPU
		{164AF7A0-E5F5-4385-B295-E83AC1DE38E6}.Debug|Win32.ActiveCfg = Debug|Any CPU
		{164AF7A0-E5F5-4385-B295-E83AC1DE38E6}.Release|Any CPU.ActiveCfg = Release|Any CPU
		{164AF7A0-E5F5-4385-B295-E83AC1DE38E6}.Release|Any CPU.Build.0 = Release|Any CPU
		{164AF7A0-E5F5-4385-B295-E83AC1DE38E6}.Release|Mixed Platforms.ActiveCfg = Release|Any CPU
		{164AF7A0-E5F5-4385-B295-E83AC1DE38E6}.Release|Mixed Platforms.Build.0 = Release|Any CPU
		{164AF7A0-E5F5-4385-B295-E83AC1DE38E6}.Release|Win32.ActiveCfg = Release|Any CPU
		{77A37B8A-E4D5-4FE5-BC6E-0CCAB94C578F}.Debug|Any CPU.ActiveCfg = Debug|Any CPU
		{77A37B8A-E4D5-4FE5-BC6E-0CCAB94C578F}.Debug|Any CPU.Build.0 = Debug|Any CPU
		{77A37B8A-E4D5-4FE5-BC6E-0CCAB94C578F}.Debug|Mixed Platforms.ActiveCfg = Debug|Any CPU
		{77A37B8A-E4D5-4FE5-BC6E-0CCAB94C578F}.Debug|Mixed Platforms.Build.0 = Debug|Any CPU
		{77A37B8A-E4D5-4FE5-BC6E-0CCAB94C578F}.Debug|Win32.ActiveCfg = Debug|Any CPU
		{77A37B8A-E4D5-4FE5-BC6E-0CCAB94C578F}.Release|Any CPU.ActiveCfg = Release|Any CPU
		{77A37B8A-E4D5-4FE5-BC6E-0CCAB94C578F}.Release|Any CPU.Build.0 = Release|Any CPU
		{77A37B8A-E4D5-4FE5-BC6E-0CCAB94C578F}.Release|Mixed Platforms.ActiveCfg = Release|Any CPU
		{77A37B8A-E4D5-4FE5-BC6E-0CCAB94C578F}.Release|Mixed Platforms.Build.0 = Release|Any CPU
		{77A37B8A-E4D5-4FE5-BC6E-0CCAB94C578F}.Release|Win32.ActiveCfg = Release|Any CPU
		{E0747DBB-9984-4E1B-B90A-3EBB6E6C448E}.Debug|Any CPU.ActiveCfg = Debug|Any CPU
		{E0747DBB-9984-4E1B-B90A-3EBB6E6C448E}.Debug|Any CPU.Build.0 = Debug|Any CPU
		{E0747DBB-9984-4E1B-B90A-3EBB6E6C448E}.Debug|Mixed Platforms.ActiveCfg = Debug|Any CPU
		{E0747DBB-9984-4E1B-B90A-3EBB6E6C448E}.Debug|Mixed Platforms.Build.0 = Debug|Any CPU
		{E0747DBB-9984-4E1B-B90A-3EBB6E6C448E}.Debug|Win32.ActiveCfg = Debug|Any CPU
		{E0747DBB-9984-4E1B-B90A-3EBB6E6C448E}.Release|Any CPU.ActiveCfg = Release|Any CPU
		{E0747DBB-9984-4E1B-B90A-3EBB6E6C448E}.Release|Any CPU.Build.0 = Release|Any CPU
		{E0747DBB-9984-4E1B-B90A-3EBB6E6C448E}.Release|Mixed Platforms.ActiveCfg = Release|Any CPU
		{E0747DBB-9984-4E1B-B90A-3EBB6E6C448E}.Release|Mixed Platforms.Build.0 = Release|Any CPU
		{E0747DBB-9984-4E1B-B90A-3EBB6E6C448E}.Release|Win32.ActiveCfg = Release|Any CPU
		{E2A540AE-312E-4B96-9035-7445CA74C3EE}.Debug|Any CPU.ActiveCfg = Debug|Any CPU
		{E2A540AE-312E-4B96-9035-7445CA74C3EE}.Debug|Any CPU.Build.0 = Debug|Any CPU
		{E2A540AE-312E-4B96-9035-7445CA74C3EE}.Debug|Mixed Platforms.ActiveCfg = Debug|Any CPU
		{E2A540AE-312E-4B96-9035-7445CA74C3EE}.Debug|Mixed Platforms.Build.0 = Debug|Any CPU
		{E2A540AE-312E-4B96-9035-7445CA74C3EE}.Debug|Win32.ActiveCfg = Debug|Any CPU
		{E2A540AE-312E-4B96-9035-7445CA74C3EE}.Release|Any CPU.ActiveCfg = Release|Any CPU
		{E2A540AE-312E-4B96-9035-7445CA74C3EE}.Release|Any CPU.Build.0 = Release|Any CPU
		{E2A540AE-312E-4B96-9035-7445CA74C3EE}.Release|Mixed Platforms.ActiveCfg = Release|Any CPU
		{E2A540AE-312E-4B96-9035-7445CA74C3EE}.Release|Mixed Platforms.Build.0 = Release|Any CPU
		{E2A540AE-312E-4B96-9035-7445CA74C3EE}.Release|Win32.ActiveCfg = Release|Any CPU
		{8B2D40A1-FE75-469D-BE60-114FDAAF5FC9}.Debug|Any CPU.ActiveCfg = Debug|Any CPU
		{8B2D40A1-FE75-469D-BE60-114FDAAF5FC9}.Debug|Any CPU.Build.0 = Debug|Any CPU
		{8B2D40A1-FE75-469D-BE60-114FDAAF5FC9}.Debug|Mixed Platforms.ActiveCfg = Debug|Any CPU
		{8B2D40A1-FE75-469D-BE60-114FDAAF5FC9}.Debug|Mixed Platforms.Build.0 = Debug|Any CPU
		{8B2D40A1-FE75-469D-BE60-114FDAAF5FC9}.Debug|Win32.ActiveCfg = Debug|Any CPU
		{8B2D40A1-FE75-469D-BE60-114FDAAF5FC9}.Release|Any CPU.ActiveCfg = Release|Any CPU
		{8B2D40A1-FE75-469D-BE60-114FDAAF5FC9}.Release|Any CPU.Build.0 = Release|Any CPU
		{8B2D40A1-FE75-469D-BE60-114FDAAF5FC9}.Release|Mixed Platforms.ActiveCfg = Release|Any CPU
		{8B2D40A1-FE75-469D-BE60-114FDAAF5FC9}.Release|Mixed Platforms.Build.0 = Release|Any CPU
		{8B2D40A1-FE75-469D-BE60-114FDAAF5FC9}.Release|Win32.ActiveCfg = Release|Any CPU
		{AE9A4C5D-4495-4158-8C76-9B922FD89D9B}.Debug|Any CPU.ActiveCfg = Debug|Any CPU
		{AE9A4C5D-4495-4158-8C76-9B922FD89D9B}.Debug|Any CPU.Build.0 = Debug|Any CPU
		{AE9A4C5D-4495-4158-8C76-9B922FD89D9B}.Debug|Mixed Platforms.ActiveCfg = Debug|Any CPU
		{AE9A4C5D-4495-4158-8C76-9B922FD89D9B}.Debug|Mixed Platforms.Build.0 = Debug|Any CPU
		{AE9A4C5D-4495-4158-8C76-9B922FD89D9B}.Debug|Win32.ActiveCfg = Debug|Any CPU
		{AE9A4C5D-4495-4158-8C76-9B922FD89D9B}.Release|Any CPU.ActiveCfg = Release|Any CPU
		{AE9A4C5D-4495-4158-8C76-9B922FD89D9B}.Release|Any CPU.Build.0 = Release|Any CPU
		{AE9A4C5D-4495-4158-8C76-9B922FD89D9B}.Release|Mixed Platforms.ActiveCfg = Release|Any CPU
		{AE9A4C5D-4495-4158-8C76-9B922FD89D9B}.Release|Mixed Platforms.Build.0 = Release|Any CPU
		{AE9A4C5D-4495-4158-8C76-9B922FD89D9B}.Release|Win32.ActiveCfg = Release|Any CPU
		{A07C8128-FDCE-4EB3-9CCB-E114B9341F1A}.Debug|Any CPU.ActiveCfg = Debug|Any CPU
		{A07C8128-FDCE-4EB3-9CCB-E114B9341F1A}.Debug|Any CPU.Build.0 = Debug|Any CPU
		{A07C8128-FDCE-4EB3-9CCB-E114B9341F1A}.Debug|Mixed Platforms.ActiveCfg = Debug|Any CPU
		{A07C8128-FDCE-4EB3-9CCB-E114B9341F1A}.Debug|Mixed Platforms.Build.0 = Debug|Any CPU
		{A07C8128-FDCE-4EB3-9CCB-E114B9341F1A}.Debug|Win32.ActiveCfg = Debug|Any CPU
		{A07C8128-FDCE-4EB3-9CCB-E114B9341F1A}.Release|Any CPU.ActiveCfg = Release|Any CPU
		{A07C8128-FDCE-4EB3-9CCB-E114B9341F1A}.Release|Any CPU.Build.0 = Release|Any CPU
		{A07C8128-FDCE-4EB3-9CCB-E114B9341F1A}.Release|Mixed Platforms.ActiveCfg = Release|Any CPU
		{A07C8128-FDCE-4EB3-9CCB-E114B9341F1A}.Release|Mixed Platforms.Build.0 = Release|Any CPU
		{A07C8128-FDCE-4EB3-9CCB-E114B9341F1A}.Release|Win32.ActiveCfg = Release|Any CPU
		{76441056-4503-490E-9279-145142A2E5D1}.Debug|Any CPU.ActiveCfg = Debug|Any CPU
		{76441056-4503-490E-9279-145142A2E5D1}.Debug|Any CPU.Build.0 = Debug|Any CPU
		{76441056-4503-490E-9279-145142A2E5D1}.Debug|Mixed Platforms.ActiveCfg = Debug|Any CPU
		{76441056-4503-490E-9279-145142A2E5D1}.Debug|Mixed Platforms.Build.0 = Debug|Any CPU
		{76441056-4503-490E-9279-145142A2E5D1}.Debug|Win32.ActiveCfg = Debug|Any CPU
		{76441056-4503-490E-9279-145142A2E5D1}.Release|Any CPU.ActiveCfg = Release|Any CPU
		{76441056-4503-490E-9279-145142A2E5D1}.Release|Any CPU.Build.0 = Release|Any CPU
		{76441056-4503-490E-9279-145142A2E5D1}.Release|Mixed Platforms.ActiveCfg = Release|Any CPU
		{76441056-4503-490E-9279-145142A2E5D1}.Release|Mixed Platforms.Build.0 = Release|Any CPU
		{76441056-4503-490E-9279-145142A2E5D1}.Release|Win32.ActiveCfg = Release|Any CPU
		{0A16F628-544A-4072-BB8B-4712D8103A10}.Debug|Any CPU.ActiveCfg = Debug|Any CPU
		{0A16F628-544A-4072-BB8B-4712D8103A10}.Debug|Any CPU.Build.0 = Debug|Any CPU
		{0A16F628-544A-4072-BB8B-4712D8103A10}.Debug|Mixed Platforms.ActiveCfg = Debug|Any CPU
		{0A16F628-544A-4072-BB8B-4712D8103A10}.Debug|Mixed Platforms.Build.0 = Debug|Any CPU
		{0A16F628-544A-4072-BB8B-4712D8103A10}.Debug|Win32.ActiveCfg = Debug|Any CPU
		{0A16F628-544A-4072-BB8B-4712D8103A10}.Release|Any CPU.ActiveCfg = Release|Any CPU
		{0A16F628-544A-4072-BB8B-4712D8103A10}.Release|Any CPU.Build.0 = Release|Any CPU
		{0A16F628-544A-4072-BB8B-4712D8103A10}.Release|Mixed Platforms.ActiveCfg = Release|Any CPU
		{0A16F628-544A-4072-BB8B-4712D8103A10}.Release|Mixed Platforms.Build.0 = Release|Any CPU
		{0A16F628-544A-4072-BB8B-4712D8103A10}.Release|Win32.ActiveCfg = Release|Any CPU
		{2C836EB9-A3A4-4D70-9396-23B5050C601D}.Debug|Any CPU.ActiveCfg = Debug|Any CPU
		{2C836EB9-A3A4-4D70-9396-23B5050C601D}.Debug|Any CPU.Build.0 = Debug|Any CPU
		{2C836EB9-A3A4-4D70-9396-23B5050C601D}.Debug|Mixed Platforms.ActiveCfg = Debug|Any CPU
		{2C836EB9-A3A4-4D70-9396-23B5050C601D}.Debug|Mixed Platforms.Build.0 = Debug|Any CPU
		{2C836EB9-A3A4-4D70-9396-23B5050C601D}.Debug|Win32.ActiveCfg = Debug|Any CPU
		{2C836EB9-A3A4-4D70-9396-23B5050C601D}.Release|Any CPU.ActiveCfg = Release|Any CPU
		{2C836EB9-A3A4-4D70-9396-23B5050C601D}.Release|Any CPU.Build.0 = Release|Any CPU
		{2C836EB9-A3A4-4D70-9396-23B5050C601D}.Release|Mixed Platforms.ActiveCfg = Release|Any CPU
		{2C836EB9-A3A4-4D70-9396-23B5050C601D}.Release|Mixed Platforms.Build.0 = Release|Any CPU
		{2C836EB9-A3A4-4D70-9396-23B5050C601D}.Release|Win32.ActiveCfg = Release|Any CPU
		{0FD16EC6-D796-472D-990C-E1304D3FB483}.Debug|Any CPU.ActiveCfg = Debug|Any CPU
		{0FD16EC6-D796-472D-990C-E1304D3FB483}.Debug|Any CPU.Build.0 = Debug|Any CPU
		{0FD16EC6-D796-472D-990C-E1304D3FB483}.Debug|Mixed Platforms.ActiveCfg = Debug|Any CPU
		{0FD16EC6-D796-472D-990C-E1304D3FB483}.Debug|Mixed Platforms.Build.0 = Debug|Any CPU
		{0FD16EC6-D796-472D-990C-E1304D3FB483}.Debug|Win32.ActiveCfg = Debug|Any CPU
		{0FD16EC6-D796-472D-990C-E1304D3FB483}.Release|Any CPU.ActiveCfg = Release|Any CPU
		{0FD16EC6-D796-472D-990C-E1304D3FB483}.Release|Any CPU.Build.0 = Release|Any CPU
		{0FD16EC6-D796-472D-990C-E1304D3FB483}.Release|Mixed Platforms.ActiveCfg = Release|Any CPU
		{0FD16EC6-D796-472D-990C-E1304D3FB483}.Release|Mixed Platforms.Build.0 = Release|Any CPU
		{0FD16EC6-D796-472D-990C-E1304D3FB483}.Release|Win32.ActiveCfg = Release|Any CPU
		{073094D6-B6C7-4316-903B-17BEF1233706}.Debug|Any CPU.ActiveCfg = Debug|Any CPU
		{073094D6-B6C7-4316-903B-17BEF1233706}.Debug|Any CPU.Build.0 = Debug|Any CPU
		{073094D6-B6C7-4316-903B-17BEF1233706}.Debug|Mixed Platforms.ActiveCfg = Debug|Any CPU
		{073094D6-B6C7-4316-903B-17BEF1233706}.Debug|Mixed Platforms.Build.0 = Debug|Any CPU
		{073094D6-B6C7-4316-903B-17BEF1233706}.Debug|Win32.ActiveCfg = Debug|Any CPU
		{073094D6-B6C7-4316-903B-17BEF1233706}.Release|Any CPU.ActiveCfg = Release|Any CPU
		{073094D6-B6C7-4316-903B-17BEF1233706}.Release|Any CPU.Build.0 = Release|Any CPU
		{073094D6-B6C7-4316-903B-17BEF1233706}.Release|Mixed Platforms.ActiveCfg = Release|Any CPU
		{073094D6-B6C7-4316-903B-17BEF1233706}.Release|Mixed Platforms.Build.0 = Release|Any CPU
		{073094D6-B6C7-4316-903B-17BEF1233706}.Release|Win32.ActiveCfg = Release|Any CPU
		{C75495B9-BEFF-4C7B-9443-81E3F4740988}.Debug|Any CPU.ActiveCfg = Debug|Any CPU
		{C75495B9-BEFF-4C7B-9443-81E3F4740988}.Debug|Any CPU.Build.0 = Debug|Any CPU
		{C75495B9-BEFF-4C7B-9443-81E3F4740988}.Debug|Mixed Platforms.ActiveCfg = Debug|Any CPU
		{C75495B9-BEFF-4C7B-9443-81E3F4740988}.Debug|Mixed Platforms.Build.0 = Debug|Any CPU
		{C75495B9-BEFF-4C7B-9443-81E3F4740988}.Debug|Win32.ActiveCfg = Debug|Any CPU
		{C75495B9-BEFF-4C7B-9443-81E3F4740988}.Release|Any CPU.ActiveCfg = Release|Any CPU
		{C75495B9-BEFF-4C7B-9443-81E3F4740988}.Release|Any CPU.Build.0 = Release|Any CPU
		{C75495B9-BEFF-4C7B-9443-81E3F4740988}.Release|Mixed Platforms.ActiveCfg = Release|Any CPU
		{C75495B9-BEFF-4C7B-9443-81E3F4740988}.Release|Mixed Platforms.Build.0 = Release|Any CPU
		{C75495B9-BEFF-4C7B-9443-81E3F4740988}.Release|Win32.ActiveCfg = Release|Any CPU
		{0161503C-65D3-4177-B7A1-CBCBD699B413}.Debug|Any CPU.ActiveCfg = Debug|Any CPU
		{0161503C-65D3-4177-B7A1-CBCBD699B413}.Debug|Any CPU.Build.0 = Debug|Any CPU
		{0161503C-65D3-4177-B7A1-CBCBD699B413}.Debug|Mixed Platforms.ActiveCfg = Debug|Any CPU
		{0161503C-65D3-4177-B7A1-CBCBD699B413}.Debug|Mixed Platforms.Build.0 = Debug|Any CPU
		{0161503C-65D3-4177-B7A1-CBCBD699B413}.Debug|Win32.ActiveCfg = Debug|Any CPU
		{0161503C-65D3-4177-B7A1-CBCBD699B413}.Release|Any CPU.ActiveCfg = Release|Any CPU
		{0161503C-65D3-4177-B7A1-CBCBD699B413}.Release|Any CPU.Build.0 = Release|Any CPU
		{0161503C-65D3-4177-B7A1-CBCBD699B413}.Release|Mixed Platforms.ActiveCfg = Release|Any CPU
		{0161503C-65D3-4177-B7A1-CBCBD699B413}.Release|Mixed Platforms.Build.0 = Release|Any CPU
		{0161503C-65D3-4177-B7A1-CBCBD699B413}.Release|Win32.ActiveCfg = Release|Any CPU
		{936534C1-2743-41D7-8906-66CA2BD854AB}.Debug|Any CPU.ActiveCfg = Debug|Any CPU
		{936534C1-2743-41D7-8906-66CA2BD854AB}.Debug|Any CPU.Build.0 = Debug|Any CPU
		{936534C1-2743-41D7-8906-66CA2BD854AB}.Debug|Mixed Platforms.ActiveCfg = Debug|Any CPU
		{936534C1-2743-41D7-8906-66CA2BD854AB}.Debug|Mixed Platforms.Build.0 = Debug|Any CPU
		{936534C1-2743-41D7-8906-66CA2BD854AB}.Debug|Win32.ActiveCfg = Debug|Any CPU
		{936534C1-2743-41D7-8906-66CA2BD854AB}.Release|Any CPU.ActiveCfg = Release|Any CPU
		{936534C1-2743-41D7-8906-66CA2BD854AB}.Release|Any CPU.Build.0 = Release|Any CPU
		{936534C1-2743-41D7-8906-66CA2BD854AB}.Release|Mixed Platforms.ActiveCfg = Release|Any CPU
		{936534C1-2743-41D7-8906-66CA2BD854AB}.Release|Mixed Platforms.Build.0 = Release|Any CPU
		{936534C1-2743-41D7-8906-66CA2BD854AB}.Release|Win32.ActiveCfg = Release|Any CPU
		{26E49B1B-5B83-4C16-9097-F9219700288C}.Debug|Any CPU.ActiveCfg = Debug|Any CPU
		{26E49B1B-5B83-4C16-9097-F9219700288C}.Debug|Any CPU.Build.0 = Debug|Any CPU
		{26E49B1B-5B83-4C16-9097-F9219700288C}.Debug|Mixed Platforms.ActiveCfg = Debug|Any CPU
		{26E49B1B-5B83-4C16-9097-F9219700288C}.Debug|Mixed Platforms.Build.0 = Debug|Any CPU
		{26E49B1B-5B83-4C16-9097-F9219700288C}.Debug|Win32.ActiveCfg = Debug|Any CPU
		{26E49B1B-5B83-4C16-9097-F9219700288C}.Release|Any CPU.ActiveCfg = Release|Any CPU
		{26E49B1B-5B83-4C16-9097-F9219700288C}.Release|Any CPU.Build.0 = Release|Any CPU
		{26E49B1B-5B83-4C16-9097-F9219700288C}.Release|Mixed Platforms.ActiveCfg = Release|Any CPU
		{26E49B1B-5B83-4C16-9097-F9219700288C}.Release|Mixed Platforms.Build.0 = Release|Any CPU
		{26E49B1B-5B83-4C16-9097-F9219700288C}.Release|Win32.ActiveCfg = Release|Any CPU
		{F12DC43C-B3BA-43B0-AA2A-2DAD9C603BB5}.Debug|Any CPU.ActiveCfg = Debug|Any CPU
		{F12DC43C-B3BA-43B0-AA2A-2DAD9C603BB5}.Debug|Any CPU.Build.0 = Debug|Any CPU
		{F12DC43C-B3BA-43B0-AA2A-2DAD9C603BB5}.Debug|Mixed Platforms.ActiveCfg = Debug|Any CPU
		{F12DC43C-B3BA-43B0-AA2A-2DAD9C603BB5}.Debug|Mixed Platforms.Build.0 = Debug|Any CPU
		{F12DC43C-B3BA-43B0-AA2A-2DAD9C603BB5}.Debug|Win32.ActiveCfg = Debug|Any CPU
		{F12DC43C-B3BA-43B0-AA2A-2DAD9C603BB5}.Release|Any CPU.ActiveCfg = Release|Any CPU
		{F12DC43C-B3BA-43B0-AA2A-2DAD9C603BB5}.Release|Any CPU.Build.0 = Release|Any CPU
		{F12DC43C-B3BA-43B0-AA2A-2DAD9C603BB5}.Release|Mixed Platforms.ActiveCfg = Release|Any CPU
		{F12DC43C-B3BA-43B0-AA2A-2DAD9C603BB5}.Release|Mixed Platforms.Build.0 = Release|Any CPU
		{F12DC43C-B3BA-43B0-AA2A-2DAD9C603BB5}.Release|Win32.ActiveCfg = Release|Any CPU
		{AEE826F4-0F5B-494E-9390-9AC06353D961}.Debug|Any CPU.ActiveCfg = Debug|Any CPU
		{AEE826F4-0F5B-494E-9390-9AC06353D961}.Debug|Any CPU.Build.0 = Debug|Any CPU
		{AEE826F4-0F5B-494E-9390-9AC06353D961}.Debug|Mixed Platforms.ActiveCfg = Debug|Any CPU
		{AEE826F4-0F5B-494E-9390-9AC06353D961}.Debug|Mixed Platforms.Build.0 = Debug|Any CPU
		{AEE826F4-0F5B-494E-9390-9AC06353D961}.Debug|Win32.ActiveCfg = Debug|Any CPU
		{AEE826F4-0F5B-494E-9390-9AC06353D961}.Release|Any CPU.ActiveCfg = Release|Any CPU
		{AEE826F4-0F5B-494E-9390-9AC06353D961}.Release|Any CPU.Build.0 = Release|Any CPU
		{AEE826F4-0F5B-494E-9390-9AC06353D961}.Release|Mixed Platforms.ActiveCfg = Release|Any CPU
		{AEE826F4-0F5B-494E-9390-9AC06353D961}.Release|Mixed Platforms.Build.0 = Release|Any CPU
		{AEE826F4-0F5B-494E-9390-9AC06353D961}.Release|Win32.ActiveCfg = Release|Any CPU
		{2DDFDD3C-806A-4FAF-9D97-536328684E1F}.Debug|Any CPU.ActiveCfg = Debug|Any CPU
		{2DDFDD3C-806A-4FAF-9D97-536328684E1F}.Debug|Any CPU.Build.0 = Debug|Any CPU
		{2DDFDD3C-806A-4FAF-9D97-536328684E1F}.Debug|Mixed Platforms.ActiveCfg = Debug|Any CPU
		{2DDFDD3C-806A-4FAF-9D97-536328684E1F}.Debug|Mixed Platforms.Build.0 = Debug|Any CPU
		{2DDFDD3C-806A-4FAF-9D97-536328684E1F}.Debug|Win32.ActiveCfg = Debug|Any CPU
		{2DDFDD3C-806A-4FAF-9D97-536328684E1F}.Release|Any CPU.ActiveCfg = Release|Any CPU
		{2DDFDD3C-806A-4FAF-9D97-536328684E1F}.Release|Any CPU.Build.0 = Release|Any CPU
		{2DDFDD3C-806A-4FAF-9D97-536328684E1F}.Release|Mixed Platforms.ActiveCfg = Release|Any CPU
		{2DDFDD3C-806A-4FAF-9D97-536328684E1F}.Release|Mixed Platforms.Build.0 = Release|Any CPU
		{2DDFDD3C-806A-4FAF-9D97-536328684E1F}.Release|Win32.ActiveCfg = Release|Any CPU
		{25FF7062-5BD9-4FDC-BA2F-B7A92166C1BE}.Debug|Any CPU.ActiveCfg = Debug|Any CPU
		{25FF7062-5BD9-4FDC-BA2F-B7A92166C1BE}.Debug|Any CPU.Build.0 = Debug|Any CPU
		{25FF7062-5BD9-4FDC-BA2F-B7A92166C1BE}.Debug|Mixed Platforms.ActiveCfg = Debug|Any CPU
		{25FF7062-5BD9-4FDC-BA2F-B7A92166C1BE}.Debug|Mixed Platforms.Build.0 = Debug|Any CPU
		{25FF7062-5BD9-4FDC-BA2F-B7A92166C1BE}.Debug|Win32.ActiveCfg = Debug|Any CPU
		{25FF7062-5BD9-4FDC-BA2F-B7A92166C1BE}.Release|Any CPU.ActiveCfg = Release|Any CPU
		{25FF7062-5BD9-4FDC-BA2F-B7A92166C1BE}.Release|Any CPU.Build.0 = Release|Any CPU
		{25FF7062-5BD9-4FDC-BA2F-B7A92166C1BE}.Release|Mixed Platforms.ActiveCfg = Release|Any CPU
		{25FF7062-5BD9-4FDC-BA2F-B7A92166C1BE}.Release|Mixed Platforms.Build.0 = Release|Any CPU
		{25FF7062-5BD9-4FDC-BA2F-B7A92166C1BE}.Release|Win32.ActiveCfg = Release|Any CPU
		{500A4FAC-FDD1-427E-A299-16A7FBA65DDA}.Debug|Any CPU.ActiveCfg = Debug|Any CPU
		{500A4FAC-FDD1-427E-A299-16A7FBA65DDA}.Debug|Any CPU.Build.0 = Debug|Any CPU
		{500A4FAC-FDD1-427E-A299-16A7FBA65DDA}.Debug|Mixed Platforms.ActiveCfg = Debug|Any CPU
		{500A4FAC-FDD1-427E-A299-16A7FBA65DDA}.Debug|Mixed Platforms.Build.0 = Debug|Any CPU
		{500A4FAC-FDD1-427E-A299-16A7FBA65DDA}.Debug|Win32.ActiveCfg = Debug|Any CPU
		{500A4FAC-FDD1-427E-A299-16A7FBA65DDA}.Release|Any CPU.ActiveCfg = Release|Any CPU
		{500A4FAC-FDD1-427E-A299-16A7FBA65DDA}.Release|Any CPU.Build.0 = Release|Any CPU
		{500A4FAC-FDD1-427E-A299-16A7FBA65DDA}.Release|Mixed Platforms.ActiveCfg = Release|Any CPU
		{500A4FAC-FDD1-427E-A299-16A7FBA65DDA}.Release|Mixed Platforms.Build.0 = Release|Any CPU
		{500A4FAC-FDD1-427E-A299-16A7FBA65DDA}.Release|Win32.ActiveCfg = Release|Any CPU
		{C46B6F32-5CF7-4BF8-B0B5-598E521175CF}.Debug|Any CPU.ActiveCfg = Debug|Any CPU
		{C46B6F32-5CF7-4BF8-B0B5-598E521175CF}.Debug|Any CPU.Build.0 = Debug|Any CPU
		{C46B6F32-5CF7-4BF8-B0B5-598E521175CF}.Debug|Mixed Platforms.ActiveCfg = Debug|Any CPU
		{C46B6F32-5CF7-4BF8-B0B5-598E521175CF}.Debug|Mixed Platforms.Build.0 = Debug|Any CPU
		{C46B6F32-5CF7-4BF8-B0B5-598E521175CF}.Debug|Win32.ActiveCfg = Debug|Any CPU
		{C46B6F32-5CF7-4BF8-B0B5-598E521175CF}.Release|Any CPU.ActiveCfg = Release|Any CPU
		{C46B6F32-5CF7-4BF8-B0B5-598E521175CF}.Release|Any CPU.Build.0 = Release|Any CPU
		{C46B6F32-5CF7-4BF8-B0B5-598E521175CF}.Release|Mixed Platforms.ActiveCfg = Release|Any CPU
		{C46B6F32-5CF7-4BF8-B0B5-598E521175CF}.Release|Mixed Platforms.Build.0 = Release|Any CPU
		{C46B6F32-5CF7-4BF8-B0B5-598E521175CF}.Release|Win32.ActiveCfg = Release|Any CPU
		{3C3B6179-FE48-4ABE-AC99-AF3D99F15EA5}.Debug|Any CPU.ActiveCfg = Debug|Any CPU
		{3C3B6179-FE48-4ABE-AC99-AF3D99F15EA5}.Debug|Any CPU.Build.0 = Debug|Any CPU
		{3C3B6179-FE48-4ABE-AC99-AF3D99F15EA5}.Debug|Mixed Platforms.ActiveCfg = Debug|Any CPU
		{3C3B6179-FE48-4ABE-AC99-AF3D99F15EA5}.Debug|Mixed Platforms.Build.0 = Debug|Any CPU
		{3C3B6179-FE48-4ABE-AC99-AF3D99F15EA5}.Debug|Win32.ActiveCfg = Debug|Any CPU
		{3C3B6179-FE48-4ABE-AC99-AF3D99F15EA5}.Release|Any CPU.ActiveCfg = Release|Any CPU
		{3C3B6179-FE48-4ABE-AC99-AF3D99F15EA5}.Release|Any CPU.Build.0 = Release|Any CPU
		{3C3B6179-FE48-4ABE-AC99-AF3D99F15EA5}.Release|Mixed Platforms.ActiveCfg = Release|Any CPU
		{3C3B6179-FE48-4ABE-AC99-AF3D99F15EA5}.Release|Mixed Platforms.Build.0 = Release|Any CPU
		{3C3B6179-FE48-4ABE-AC99-AF3D99F15EA5}.Release|Win32.ActiveCfg = Release|Any CPU
		{2723CF65-ACE3-47AE-BD04-D5398A811456}.Debug|Any CPU.ActiveCfg = Debug|Any CPU
		{2723CF65-ACE3-47AE-BD04-D5398A811456}.Debug|Any CPU.Build.0 = Debug|Any CPU
		{2723CF65-ACE3-47AE-BD04-D5398A811456}.Debug|Mixed Platforms.ActiveCfg = Debug|Any CPU
		{2723CF65-ACE3-47AE-BD04-D5398A811456}.Debug|Mixed Platforms.Build.0 = Debug|Any CPU
		{2723CF65-ACE3-47AE-BD04-D5398A811456}.Debug|Win32.ActiveCfg = Debug|Any CPU
		{2723CF65-ACE3-47AE-BD04-D5398A811456}.Release|Any CPU.ActiveCfg = Release|Any CPU
		{2723CF65-ACE3-47AE-BD04-D5398A811456}.Release|Any CPU.Build.0 = Release|Any CPU
		{2723CF65-ACE3-47AE-BD04-D5398A811456}.Release|Mixed Platforms.ActiveCfg = Release|Any CPU
		{2723CF65-ACE3-47AE-BD04-D5398A811456}.Release|Mixed Platforms.Build.0 = Release|Any CPU
		{2723CF65-ACE3-47AE-BD04-D5398A811456}.Release|Win32.ActiveCfg = Release|Any CPU
		{41081657-4845-4E1A-A4D7-7F0F1210DCD2}.Debug|Any CPU.ActiveCfg = Debug|Any CPU
		{41081657-4845-4E1A-A4D7-7F0F1210DCD2}.Debug|Any CPU.Build.0 = Debug|Any CPU
		{41081657-4845-4E1A-A4D7-7F0F1210DCD2}.Debug|Mixed Platforms.ActiveCfg = Debug|Any CPU
		{41081657-4845-4E1A-A4D7-7F0F1210DCD2}.Debug|Mixed Platforms.Build.0 = Debug|Any CPU
		{41081657-4845-4E1A-A4D7-7F0F1210DCD2}.Debug|Win32.ActiveCfg = Debug|Any CPU
		{41081657-4845-4E1A-A4D7-7F0F1210DCD2}.Release|Any CPU.ActiveCfg = Release|Any CPU
		{41081657-4845-4E1A-A4D7-7F0F1210DCD2}.Release|Any CPU.Build.0 = Release|Any CPU
		{41081657-4845-4E1A-A4D7-7F0F1210DCD2}.Release|Mixed Platforms.ActiveCfg = Release|Any CPU
		{41081657-4845-4E1A-A4D7-7F0F1210DCD2}.Release|Mixed Platforms.Build.0 = Release|Any CPU
		{41081657-4845-4E1A-A4D7-7F0F1210DCD2}.Release|Win32.ActiveCfg = Release|Any CPU
		{2F429F27-9B69-4245-B57A-0BF64587ED1B}.Debug|Any CPU.ActiveCfg = Debug|Any CPU
		{2F429F27-9B69-4245-B57A-0BF64587ED1B}.Debug|Any CPU.Build.0 = Debug|Any CPU
		{2F429F27-9B69-4245-B57A-0BF64587ED1B}.Debug|Mixed Platforms.ActiveCfg = Debug|Any CPU
		{2F429F27-9B69-4245-B57A-0BF64587ED1B}.Debug|Mixed Platforms.Build.0 = Debug|Any CPU
		{2F429F27-9B69-4245-B57A-0BF64587ED1B}.Debug|Win32.ActiveCfg = Debug|Any CPU
		{2F429F27-9B69-4245-B57A-0BF64587ED1B}.Release|Any CPU.ActiveCfg = Release|Any CPU
		{2F429F27-9B69-4245-B57A-0BF64587ED1B}.Release|Any CPU.Build.0 = Release|Any CPU
		{2F429F27-9B69-4245-B57A-0BF64587ED1B}.Release|Mixed Platforms.ActiveCfg = Release|Any CPU
		{2F429F27-9B69-4245-B57A-0BF64587ED1B}.Release|Mixed Platforms.Build.0 = Release|Any CPU
		{2F429F27-9B69-4245-B57A-0BF64587ED1B}.Release|Win32.ActiveCfg = Release|Any CPU
		{CF6E9D96-77EA-4026-BF92-8BF59187944B}.Debug|Any CPU.ActiveCfg = Debug|Any CPU
		{CF6E9D96-77EA-4026-BF92-8BF59187944B}.Debug|Any CPU.Build.0 = Debug|Any CPU
		{CF6E9D96-77EA-4026-BF92-8BF59187944B}.Debug|Mixed Platforms.ActiveCfg = Debug|Any CPU
		{CF6E9D96-77EA-4026-BF92-8BF59187944B}.Debug|Mixed Platforms.Build.0 = Debug|Any CPU
		{CF6E9D96-77EA-4026-BF92-8BF59187944B}.Debug|Win32.ActiveCfg = Debug|Any CPU
		{CF6E9D96-77EA-4026-BF92-8BF59187944B}.Release|Any CPU.ActiveCfg = Release|Any CPU
		{CF6E9D96-77EA-4026-BF92-8BF59187944B}.Release|Any CPU.Build.0 = Release|Any CPU
		{CF6E9D96-77EA-4026-BF92-8BF59187944B}.Release|Mixed Platforms.ActiveCfg = Release|Any CPU
		{CF6E9D96-77EA-4026-BF92-8BF59187944B}.Release|Mixed Platforms.Build.0 = Release|Any CPU
		{CF6E9D96-77EA-4026-BF92-8BF59187944B}.Release|Win32.ActiveCfg = Release|Any CPU
		{1EDC83F4-BC98-4A1F-8571-E487DCA57726}.Debug|Any CPU.ActiveCfg = Debug|Any CPU
		{1EDC83F4-BC98-4A1F-8571-E487DCA57726}.Debug|Any CPU.Build.0 = Debug|Any CPU
		{1EDC83F4-BC98-4A1F-8571-E487DCA57726}.Debug|Mixed Platforms.ActiveCfg = Debug|Any CPU
		{1EDC83F4-BC98-4A1F-8571-E487DCA57726}.Debug|Mixed Platforms.Build.0 = Debug|Any CPU
		{1EDC83F4-BC98-4A1F-8571-E487DCA57726}.Debug|Win32.ActiveCfg = Debug|Any CPU
		{1EDC83F4-BC98-4A1F-8571-E487DCA57726}.Release|Any CPU.ActiveCfg = Release|Any CPU
		{1EDC83F4-BC98-4A1F-8571-E487DCA57726}.Release|Any CPU.Build.0 = Release|Any CPU
		{1EDC83F4-BC98-4A1F-8571-E487DCA57726}.Release|Mixed Platforms.ActiveCfg = Release|Any CPU
		{1EDC83F4-BC98-4A1F-8571-E487DCA57726}.Release|Mixed Platforms.Build.0 = Release|Any CPU
		{1EDC83F4-BC98-4A1F-8571-E487DCA57726}.Release|Win32.ActiveCfg = Release|Any CPU
		{1535B6A9-822A-4FB7-9719-ADF308CBE6CA}.Debug|Any CPU.ActiveCfg = Debug|Any CPU
		{1535B6A9-822A-4FB7-9719-ADF308CBE6CA}.Debug|Any CPU.Build.0 = Debug|Any CPU
		{1535B6A9-822A-4FB7-9719-ADF308CBE6CA}.Debug|Mixed Platforms.ActiveCfg = Debug|Any CPU
		{1535B6A9-822A-4FB7-9719-ADF308CBE6CA}.Debug|Mixed Platforms.Build.0 = Debug|Any CPU
		{1535B6A9-822A-4FB7-9719-ADF308CBE6CA}.Debug|Win32.ActiveCfg = Debug|Any CPU
		{1535B6A9-822A-4FB7-9719-ADF308CBE6CA}.Release|Any CPU.ActiveCfg = Release|Any CPU
		{1535B6A9-822A-4FB7-9719-ADF308CBE6CA}.Release|Any CPU.Build.0 = Release|Any CPU
		{1535B6A9-822A-4FB7-9719-ADF308CBE6CA}.Release|Mixed Platforms.ActiveCfg = Release|Any CPU
		{1535B6A9-822A-4FB7-9719-ADF308CBE6CA}.Release|Mixed Platforms.Build.0 = Release|Any CPU
		{1535B6A9-822A-4FB7-9719-ADF308CBE6CA}.Release|Win32.ActiveCfg = Release|Any CPU
		{9E67EDBF-B466-4429-B959-0C01F7FCFB10}.Debug|Any CPU.ActiveCfg = Debug|Any CPU
		{9E67EDBF-B466-4429-B959-0C01F7FCFB10}.Debug|Any CPU.Build.0 = Debug|Any CPU
		{9E67EDBF-B466-4429-B959-0C01F7FCFB10}.Debug|Mixed Platforms.ActiveCfg = Debug|Any CPU
		{9E67EDBF-B466-4429-B959-0C01F7FCFB10}.Debug|Mixed Platforms.Build.0 = Debug|Any CPU
		{9E67EDBF-B466-4429-B959-0C01F7FCFB10}.Debug|Win32.ActiveCfg = Debug|Any CPU
		{9E67EDBF-B466-4429-B959-0C01F7FCFB10}.Release|Any CPU.ActiveCfg = Release|Any CPU
		{9E67EDBF-B466-4429-B959-0C01F7FCFB10}.Release|Any CPU.Build.0 = Release|Any CPU
		{9E67EDBF-B466-4429-B959-0C01F7FCFB10}.Release|Mixed Platforms.ActiveCfg = Release|Any CPU
		{9E67EDBF-B466-4429-B959-0C01F7FCFB10}.Release|Mixed Platforms.Build.0 = Release|Any CPU
		{9E67EDBF-B466-4429-B959-0C01F7FCFB10}.Release|Win32.ActiveCfg = Release|Any CPU
		{C76D28FE-DA53-48A8-B18D-CDE71F7C8FA9}.Debug|Any CPU.ActiveCfg = Debug|Any CPU
		{C76D28FE-DA53-48A8-B18D-CDE71F7C8FA9}.Debug|Any CPU.Build.0 = Debug|Any CPU
		{C76D28FE-DA53-48A8-B18D-CDE71F7C8FA9}.Debug|Mixed Platforms.ActiveCfg = Debug|Any CPU
		{C76D28FE-DA53-48A8-B18D-CDE71F7C8FA9}.Debug|Mixed Platforms.Build.0 = Debug|Any CPU
		{C76D28FE-DA53-48A8-B18D-CDE71F7C8FA9}.Debug|Win32.ActiveCfg = Debug|Any CPU
		{C76D28FE-DA53-48A8-B18D-CDE71F7C8FA9}.Release|Any CPU.ActiveCfg = Release|Any CPU
		{C76D28FE-DA53-48A8-B18D-CDE71F7C8FA9}.Release|Any CPU.Build.0 = Release|Any CPU
		{C76D28FE-DA53-48A8-B18D-CDE71F7C8FA9}.Release|Mixed Platforms.ActiveCfg = Release|Any CPU
		{C76D28FE-DA53-48A8-B18D-CDE71F7C8FA9}.Release|Mixed Platforms.Build.0 = Release|Any CPU
		{C76D28FE-DA53-48A8-B18D-CDE71F7C8FA9}.Release|Win32.ActiveCfg = Release|Any CPU
		{F906D242-1CE2-4485-97C4-21EC6A657238}.Debug|Any CPU.ActiveCfg = Debug|Any CPU
		{F906D242-1CE2-4485-97C4-21EC6A657238}.Debug|Any CPU.Build.0 = Debug|Any CPU
		{F906D242-1CE2-4485-97C4-21EC6A657238}.Debug|Mixed Platforms.ActiveCfg = Debug|Any CPU
		{F906D242-1CE2-4485-97C4-21EC6A657238}.Debug|Mixed Platforms.Build.0 = Debug|Any CPU
		{F906D242-1CE2-4485-97C4-21EC6A657238}.Debug|Win32.ActiveCfg = Debug|Any CPU
		{F906D242-1CE2-4485-97C4-21EC6A657238}.Release|Any CPU.ActiveCfg = Release|Any CPU
		{F906D242-1CE2-4485-97C4-21EC6A657238}.Release|Any CPU.Build.0 = Release|Any CPU
		{F906D242-1CE2-4485-97C4-21EC6A657238}.Release|Mixed Platforms.ActiveCfg = Release|Any CPU
		{F906D242-1CE2-4485-97C4-21EC6A657238}.Release|Mixed Platforms.Build.0 = Release|Any CPU
		{F906D242-1CE2-4485-97C4-21EC6A657238}.Release|Win32.ActiveCfg = Release|Any CPU
		{FA66AF96-5AC1-4AC5-B842-CF0699E7E235}.Debug|Any CPU.ActiveCfg = Debug|Any CPU
		{FA66AF96-5AC1-4AC5-B842-CF0699E7E235}.Debug|Any CPU.Build.0 = Debug|Any CPU
		{FA66AF96-5AC1-4AC5-B842-CF0699E7E235}.Debug|Mixed Platforms.ActiveCfg = Debug|x86
		{FA66AF96-5AC1-4AC5-B842-CF0699E7E235}.Debug|Mixed Platforms.Build.0 = Debug|x86
		{FA66AF96-5AC1-4AC5-B842-CF0699E7E235}.Debug|Win32.ActiveCfg = Debug|x86
		{FA66AF96-5AC1-4AC5-B842-CF0699E7E235}.Debug|Win32.Build.0 = Debug|x86
		{FA66AF96-5AC1-4AC5-B842-CF0699E7E235}.Release|Any CPU.ActiveCfg = Release|Any CPU
		{FA66AF96-5AC1-4AC5-B842-CF0699E7E235}.Release|Any CPU.Build.0 = Release|Any CPU
		{FA66AF96-5AC1-4AC5-B842-CF0699E7E235}.Release|Mixed Platforms.ActiveCfg = Release|x86
		{FA66AF96-5AC1-4AC5-B842-CF0699E7E235}.Release|Mixed Platforms.Build.0 = Release|x86
		{FA66AF96-5AC1-4AC5-B842-CF0699E7E235}.Release|Win32.ActiveCfg = Release|x86
		{FA66AF96-5AC1-4AC5-B842-CF0699E7E235}.Release|Win32.Build.0 = Release|x86
	EndGlobalSection
	GlobalSection(SolutionProperties) = preSolution
		HideSolutionNode = FALSE
	EndGlobalSection
	GlobalSection(ExtensibilityGlobals) = postSolution
		SolutionGuid = {2768D0E1-AA82-414D-9867-42B3E45330AE}
	EndGlobalSection
EndGlobal
